// !$*UTF8*$!
{
	archiveVersion = 1;
	classes = {
	};
	objectVersion = 90;
	objects = {

/* Begin PBXBuildFile section */
		073F76E62431F438005B1F18 /* GameScene.sks in Resources */ = {isa = PBXBuildFile; fileRef = 073F76E42431F438005B1F18 /* GameScene.sks */; };
		0758DC59243EFCE60097E86C /* ConfigScene.sks in Resources */ = {isa = PBXBuildFile; fileRef = 0758DC57243EFCE60097E86C /* ConfigScene.sks */; };
		0758DC5F243EFD830097E86C /* ConfigScene.swift in Sources */ = {isa = PBXBuildFile; fileRef = 0758DC5D243EFD830097E86C /* ConfigScene.swift */; };
		0758DD5D24401BA20097E86C /* HDDIcon.png in Resources */ = {isa = PBXBuildFile; fileRef = 0758DD5924401BA10097E86C /* HDDIcon.png */; };
		0760DC282434F493004CA0CF /* FDD.png in Resources */ = {isa = PBXBuildFile; fileRef = 0760DC262434F492004CA0CF /* FDD.png */; };
		0760DC2B24350DDC004CA0CF /* BenchMark.swift in Sources */ = {isa = PBXBuildFile; fileRef = 0760DC2924350DDC004CA0CF /* BenchMark.swift */; };
		0764421B243328C3006E5208 /* FileSystem.swift in Sources */ = {isa = PBXBuildFile; fileRef = 07644219243328C3006E5208 /* FileSystem.swift */; };
		0771C5A22431B129002D40F0 /* JoyController.swift in Sources */ = {isa = PBXBuildFile; fileRef = 0771C5A02431B129002D40F0 /* JoyController.swift */; };
		07869626243D9A8E007FCCEA /* X68Device.swift in Sources */ = {isa = PBXBuildFile; fileRef = 07869624243D9A8E007FCCEA /* X68Device.swift */; };
		07869627243D9A91007FCCEA /* X68JoyCard.swift in Sources */ = {isa = PBXBuildFile; fileRef = 0786961C243D9A0D007FCCEA /* X68JoyCard.swift */; };
		0786963E243DBB73007FCCEA /* TAAnalogJoyStick.swift in Sources */ = {isa = PBXBuildFile; fileRef = 0786963C243DBB73007FCCEA /* TAAnalogJoyStick.swift */; };
		07869646243DBDF7007FCCEA /* jStick@2x.png in Resources */ = {isa = PBXBuildFile; fileRef = 07869641243DBDF7007FCCEA /* jStick@2x.png */; };
		07869648243DBDF7007FCCEA /* jStick.png in Resources */ = {isa = PBXBuildFile; fileRef = 07869642243DBDF7007FCCEA /* jStick.png */; };
		0786964A243DBDF7007FCCEA /* jSubstrate@2x.png in Resources */ = {isa = PBXBuildFile; fileRef = 07869643243DBDF7007FCCEA /* jSubstrate@2x.png */; };
		0786964C243DBDF7007FCCEA /* jSubstrate.png in Resources */ = {isa = PBXBuildFile; fileRef = 07869644243DBDF7007FCCEA /* jSubstrate.png */; };
		07A528BD24389F5300AFD00D /* X68MouseController.swift in Sources */ = {isa = PBXBuildFile; fileRef = 07A528BB24389F5300AFD00D /* X68MouseController.swift */; };
		07B71D7D243A350500953E25 /* MIDIController.swift in Sources */ = {isa = PBXBuildFile; fileRef = 07B71D7B243A350500953E25 /* MIDIController.swift */; };
		07E6EF302430CC1B0034E485 /* IPLROM_DAT.c in Sources */ = {isa = PBXBuildFile; fileRef = 07E6EF2E2430CC1B0034E485 /* IPLROM_DAT.c */; };
		07E6EF332430CCAE0034E485 /* CGROM_DAT.c in Sources */ = {isa = PBXBuildFile; fileRef = 07E6EF312430CCAE0034E485 /* CGROM_DAT.c */; };
		07F4C6C8243065F9002CF5CA /* m68000.c in Sources */ = {isa = PBXBuildFile; fileRef = 07F4C6C6243065F9002CF5CA /* m68000.c */; };
		07F4C6DD2430664B002CF5CA /* fmg_wrap.cpp in Sources */ = {isa = PBXBuildFile; fileRef = 07F4C6C92430664A002CF5CA /* fmg_wrap.cpp */; };
		07F4C6DF2430664B002CF5CA /* fmtimer.cpp in Sources */ = {isa = PBXBuildFile; fileRef = 07F4C6CA2430664A002CF5CA /* fmtimer.cpp */; };
		07F4C6E12430664B002CF5CA /* opm.cpp in Sources */ = {isa = PBXBuildFile; fileRef = 07F4C6CB2430664A002CF5CA /* opm.cpp */; };
		07F4C6E72430664B002CF5CA /* fmgen.cpp in Sources */ = {isa = PBXBuildFile; fileRef = 07F4C6D62430664B002CF5CA /* fmgen.cpp */; };
		07F4C7222430667D002CF5CA /* fdc.c in Sources */ = {isa = PBXBuildFile; fileRef = 07F4C6EA24306679002CF5CA /* fdc.c */; };
		07F4C7242430667D002CF5CA /* sasi.c in Sources */ = {isa = PBXBuildFile; fileRef = 07F4C6ED2430667A002CF5CA /* sasi.c */; };
		07F4C7262430667D002CF5CA /* midi.c in Sources */ = {isa = PBXBuildFile; fileRef = 07F4C6EE2430667A002CF5CA /* midi.c */; };
		07F4C7282430667D002CF5CA /* crtc.c in Sources */ = {isa = PBXBuildFile; fileRef = 07F4C6F12430667A002CF5CA /* crtc.c */; };
		07F4C72A2430667D002CF5CA /* irqh.c in Sources */ = {isa = PBXBuildFile; fileRef = 07F4C6F32430667A002CF5CA /* irqh.c */; };
		07F4C72C2430667D002CF5CA /* d68k.c in Sources */ = {isa = PBXBuildFile; fileRef = 07F4C6F52430667A002CF5CA /* d68k.c */; };
		07F4C72E2430667D002CF5CA /* adpcm.c in Sources */ = {isa = PBXBuildFile; fileRef = 07F4C6F62430667A002CF5CA /* adpcm.c */; };
		07F4C7322430667D002CF5CA /* scsi.c in Sources */ = {isa = PBXBuildFile; fileRef = 07F4C6F92430667A002CF5CA /* scsi.c */; };
		07F4C7342430667D002CF5CA /* disk_d88.c in Sources */ = {isa = PBXBuildFile; fileRef = 07F4C6FA2430667A002CF5CA /* disk_d88.c */; };
		07F4C7362430667D002CF5CA /* mem_wrap.c in Sources */ = {isa = PBXBuildFile; fileRef = 07F4C6FB2430667A002CF5CA /* mem_wrap.c */; };
		07F4C7382430667D002CF5CA /* palette.c in Sources */ = {isa = PBXBuildFile; fileRef = 07F4C6FC2430667A002CF5CA /* palette.c */; };
		07F4C73A2430667D002CF5CA /* tvram.c in Sources */ = {isa = PBXBuildFile; fileRef = 07F4C7012430667B002CF5CA /* tvram.c */; };
		07F4C73C2430667D002CF5CA /* dmac.c in Sources */ = {isa = PBXBuildFile; fileRef = 07F4C7032430667B002CF5CA /* dmac.c */; };
		07F4C73E2430667D002CF5CA /* pia.c in Sources */ = {isa = PBXBuildFile; fileRef = 07F4C7042430667B002CF5CA /* pia.c */; };
		07F4C7402430667D002CF5CA /* fdd.c in Sources */ = {isa = PBXBuildFile; fileRef = 07F4C7072430667B002CF5CA /* fdd.c */; };
		07F4C7422430667D002CF5CA /* mfp.c in Sources */ = {isa = PBXBuildFile; fileRef = 07F4C70B2430667B002CF5CA /* mfp.c */; };
		07F4C7442430667D002CF5CA /* sysport.c in Sources */ = {isa = PBXBuildFile; fileRef = 07F4C70C2430667B002CF5CA /* sysport.c */; };
		07F4C7462430667D002CF5CA /* bg.c in Sources */ = {isa = PBXBuildFile; fileRef = 07F4C70D2430667B002CF5CA /* bg.c */; };
		07F4C7482430667D002CF5CA /* sram.c in Sources */ = {isa = PBXBuildFile; fileRef = 07F4C70E2430667B002CF5CA /* sram.c */; };
		07F4C74A2430667D002CF5CA /* scc.c in Sources */ = {isa = PBXBuildFile; fileRef = 07F4C7102430667C002CF5CA /* scc.c */; };
		07F4C74C2430667D002CF5CA /* disk_dim.c in Sources */ = {isa = PBXBuildFile; fileRef = 07F4C7122430667C002CF5CA /* disk_dim.c */; };
		07F4C7502430667D002CF5CA /* gvram.c in Sources */ = {isa = PBXBuildFile; fileRef = 07F4C7172430667C002CF5CA /* gvram.c */; };
		07F4C7522430667D002CF5CA /* rtc.c in Sources */ = {isa = PBXBuildFile; fileRef = 07F4C71E2430667D002CF5CA /* rtc.c */; };
		07F4C7542430667D002CF5CA /* ioc.c in Sources */ = {isa = PBXBuildFile; fileRef = 07F4C71F2430667D002CF5CA /* ioc.c */; };
		07F4C7562430667D002CF5CA /* disk_xdf.c in Sources */ = {isa = PBXBuildFile; fileRef = 07F4C7202430667D002CF5CA /* disk_xdf.c */; };
		07F4C7592430A73C002CF5CA /* AudioStream.swift in Sources */ = {isa = PBXBuildFile; fileRef = 07F4C7572430A73C002CF5CA /* AudioStream.swift */; };
		07F863C4242F93EA00CBB224 /* Main.storyboard in Resources */ = {isa = PBXBuildFile; fileRef = 07F863C2242F93EA00CBB224 /* Main.storyboard */; };
		07F863C7242F93EA00CBB224 /* Actions.sks in Resources */ = {isa = PBXBuildFile; fileRef = 07F863A2242F93E800CBB224 /* Actions.sks */; };
		07F863CB242F93EA00CBB224 /* GameScene.swift in Sources */ = {isa = PBXBuildFile; fileRef = 07F863A4242F93E800CBB224 /* GameScene.swift */; };
		07F863CD242F93EA00CBB224 /* Assets.xcassets in Resources */ = {isa = PBXBuildFile; fileRef = 07F863A5242F93EA00CBB224 /* Assets.xcassets */; };
		07F8640C242F94BB00CBB224 /* dosio.c in Sources */ = {isa = PBXBuildFile; fileRef = 07F86403242F94BB00CBB224 /* dosio.c */; };
		07F8640E242F94BB00CBB224 /* peace.c in Sources */ = {isa = PBXBuildFile; fileRef = 07F86404242F94BB00CBB224 /* peace.c */; };
		07F86410242F94BB00CBB224 /* fake.c in Sources */ = {isa = PBXBuildFile; fileRef = 07F86408242F94BB00CBB224 /* fake.c */; };
		07F864B9242F97BE00CBB224 /* joystick.c in Sources */ = {isa = PBXBuildFile; fileRef = 07F86491242F97BC00CBB224 /* joystick.c */; };
		07F864BD242F97BE00CBB224 /* windraw.c in Sources */ = {isa = PBXBuildFile; fileRef = 07F86494242F97BC00CBB224 /* windraw.c */; };
		07F864BF242F97BE00CBB224 /* winx68k.cpp in Sources */ = {isa = PBXBuildFile; fileRef = 07F8649B242F97BC00CBB224 /* winx68k.cpp */; };
		07F864C3242F97BE00CBB224 /* keyboard.c in Sources */ = {isa = PBXBuildFile; fileRef = 07F864A3242F97BD00CBB224 /* keyboard.c */; };
		07F864C5242F97BE00CBB224 /* dswin.c in Sources */ = {isa = PBXBuildFile; fileRef = 07F864A5242F97BD00CBB224 /* dswin.c */; };
		07F864CD242F97BE00CBB224 /* mouse.c in Sources */ = {isa = PBXBuildFile; fileRef = 07F864A9242F97BD00CBB224 /* mouse.c */; };
		07F864CF242F97BE00CBB224 /* prop.c in Sources */ = {isa = PBXBuildFile; fileRef = 07F864AA242F97BD00CBB224 /* prop.c */; };
		07F864D3242F97BE00CBB224 /* common.c in Sources */ = {isa = PBXBuildFile; fileRef = 07F864B0242F97BD00CBB224 /* common.c */; };
		07F864D5242F97BE00CBB224 /* menu_str_sjis.txt in Resources */ = {isa = PBXBuildFile; fileRef = 07F864B2242F97BE00CBB224 /* menu_str_sjis.txt */; };
		07F864D9242F97BE00CBB224 /* status.c in Sources */ = {isa = PBXBuildFile; fileRef = 07F864B4242F97BE00CBB224 /* status.c */; };
		07F864DB242F97BE00CBB224 /* timer.c in Sources */ = {isa = PBXBuildFile; fileRef = 07F864B7242F97BE00CBB224 /* timer.c */; };
		535D07B02E685E0300CF5265 /* ppi.c in Sources */ = {isa = PBXBuildFile; fileRef = 535D07AF2E685E0300CF5265 /* ppi.c */; };
		535D07B22E685E1D00CF5265 /* AppDelegate.swift in Sources */ = {isa = PBXBuildFile; fileRef = 535D07B12E685E1D00CF5265 /* AppDelegate.swift */; };
		535D07B42E685E2900CF5265 /* GameViewController.swift in Sources */ = {isa = PBXBuildFile; fileRef = 535D07B32E685E2900CF5265 /* GameViewController.swift */; };
		53A8611A2E4375CA0056E4DE /* X68Logger.swift in Sources */ = {isa = PBXBuildFile; fileRef = 53A861182E4375CA0056E4DE /* X68Logger.swift */; };
		53A8611B2E4375CA0056E4DE /* X68ErrorHandling.swift in Sources */ = {isa = PBXBuildFile; fileRef = 53A861172E4375CA0056E4DE /* X68ErrorHandling.swift */; };
		53A8611C2E4375CA0056E4DE /* X68Security.swift in Sources */ = {isa = PBXBuildFile; fileRef = 53A861192E4375CA0056E4DE /* X68Security.swift */; };
		53A861212E4376CB0056E4DE /* Crypto in Frameworks */ = {isa = PBXBuildFile; productRef = 53A861202E4376CB0056E4DE /* Crypto */; };
		53A861232E4376CB0056E4DE /* _CryptoExtras in Frameworks */ = {isa = PBXBuildFile; productRef = 53A861222E4376CB0056E4DE /* _CryptoExtras */; };
		53C0A1002E50000000AAA001 /* CRT/CRTSettings.swift in Sources */ = {isa = PBXBuildFile; fileRef = 53C0A0FF2E50000000AAA001 /* CRT/CRTSettings.swift */; };
		53C0A1022E50000000AAA001 /* CRT/CRTFilterManager.swift in Sources */ = {isa = PBXBuildFile; fileRef = 53C0A1012E50000000AAA001 /* CRT/CRTFilterManager.swift */; };
		53C0A1042E50010000AAA001 /* CRT/CRTOverlay.swift in Sources */ = {isa = PBXBuildFile; fileRef = 53C0A1032E50010000AAA001 /* CRT/CRTOverlay.swift */; };
		53C0A1062E50050000AAA001 /* SuperimposeManager.swift in Sources */ = {isa = PBXBuildFile; fileRef = 53C0A1052E50050000AAA001 /* SuperimposeManager.swift */; };
		AA000001300000000000AA01 /* MonitorView.swift in Sources */ = {isa = PBXBuildFile; fileRef = AA000002300000000000AA01 /* MonitorView.swift */; };
		AA000003300000000000AA01 /* MonitorWindowController.swift in Sources */ = {isa = PBXBuildFile; fileRef = AA000004300000000000AA01 /* MonitorWindowController.swift */; };
		AC10FEED2508190000000001 /* crtc_timing.c in Sources */ = {isa = PBXBuildFile; fileRef = AC10FEED2508190000000002 /* crtc_timing.c */; };
		AC10FEED2508190000000004 /* scrbuf.c in Sources */ = {isa = PBXBuildFile; fileRef = AC10FEED2508190000000005 /* scrbuf.c */; };
		07F863AE242F93EA00CBB224 /* AppDelegate.swift in Sources */ = {isa = PBXBuildFile; fileRef = 07F863AD242F93EA00CBB224 /* AppDelegate.swift */; };
		07F863B0242F93EA00CBB224 /* GameViewController.swift in Sources */ = {isa = PBXBuildFile; fileRef = 07F863AF242F93EA00CBB224 /* GameViewController.swift */; };
		07F863B3242F93EA00CBB224 /* Main.storyboard in Resources */ = {isa = PBXBuildFile; fileRef = 07F863B1242F93EA00CBB224 /* Main.storyboard */; };
		07F863B6242F93EA00CBB224 /* LaunchScreen.storyboard in Resources */ = {isa = PBXBuildFile; fileRef = 07F863B4242F93EA00CBB224 /* LaunchScreen.storyboard */; };
		07F863C6242F93EA00CBB224 /* Actions.sks in Resources */ = {isa = PBXBuildFile; fileRef = 07F863A2242F93E800CBB224 /* Actions.sks */; };
		07F863C8242F93EA00CBB224 /* GameScene.sks in Resources */ = {isa = PBXBuildFile; fileRef = 073F76E42431F438005B1F18 /* GameScene.sks */; };
		07F863CA242F93EA00CBB224 /* GameScene.swift in Sources */ = {isa = PBXBuildFile; fileRef = 07F863A4242F93E800CBB224 /* GameScene.swift */; };
		07F863CC242F93EA00CBB224 /* Assets.xcassets in Resources */ = {isa = PBXBuildFile; fileRef = 07F863A5242F93EA00CBB224 /* Assets.xcassets */; };
/* End PBXBuildFile section */

/* Begin PBXContainerItemProxy section */
		073F76FF24323763005B1F18 /* PBXContainerItemProxy */ = {
			isa = PBXContainerItemProxy;
			containerPortal = 073F76FB24323762005B1F18 /* c68k.xcodeproj */;
			proxyType = 2;
			remoteGlobalIDString = 073F76F124323762005B1F18;
			remoteInfo = c68k;
		};
		07E2E67A24324319007EFB06 /* PBXContainerItemProxy */ = {
			isa = PBXContainerItemProxy;
			containerPortal = 073F76FB24323762005B1F18 /* c68k.xcodeproj */;
			proxyType = 2;
			remoteGlobalIDString = 07E2E67824324103007EFB06;
			remoteInfo = c68k_mac;
		};
		53685FBB2F2B8F1E00A86652 /* PBXContainerItemProxy */ = {
			isa = PBXContainerItemProxy;
			containerPortal = 073F76FB24323762005B1F18 /* c68k.xcodeproj */;
			proxyType = 1;
			remoteGlobalIDString = 07E2E65D24324103007EFB06;
			remoteInfo = c68k_mac;
		};
		53685FBD2F2B8F1E00A86652 /* PBXContainerItemProxy */ = {
			isa = PBXContainerItemProxy;
			containerPortal = 073F76FB24323762005B1F18 /* c68k.xcodeproj */;
			proxyType = 1;
			remoteGlobalIDString = 073F76F024323762005B1F18;
			remoteInfo = c68k;
		};
/* End PBXContainerItemProxy section */

/* Begin PBXFileReference section */
		073F76E42431F438005B1F18 /* GameScene.sks */ = {isa = PBXFileReference; lastKnownFileType = file.sks; path = GameScene.sks; sourceTree = "<group>"; };
		073F76FB24323762005B1F18 /* c68k.xcodeproj */ = {isa = PBXFileReference; lastKnownFileType = "wrapper.pb-project"; name = c68k.xcodeproj; path = c68k/c68k.xcodeproj; sourceTree = "<group>"; };
		0758DC57243EFCE60097E86C /* ConfigScene.sks */ = {isa = PBXFileReference; lastKnownFileType = file.sks; path = ConfigScene.sks; sourceTree = "<group>"; };
		0758DC5D243EFD830097E86C /* ConfigScene.swift */ = {isa = PBXFileReference; lastKnownFileType = sourcecode.swift; path = ConfigScene.swift; sourceTree = "<group>"; };
		0758DD5924401BA10097E86C /* HDDIcon.png */ = {isa = PBXFileReference; lastKnownFileType = image.png; path = HDDIcon.png; sourceTree = "<group>"; };
		0760DC262434F492004CA0CF /* FDD.png */ = {isa = PBXFileReference; lastKnownFileType = image.png; path = FDD.png; sourceTree = "<group>"; };
		0760DC2924350DDC004CA0CF /* BenchMark.swift */ = {isa = PBXFileReference; lastKnownFileType = sourcecode.swift; path = BenchMark.swift; sourceTree = "<group>"; };
		07644219243328C3006E5208 /* FileSystem.swift */ = {isa = PBXFileReference; lastKnownFileType = sourcecode.swift; path = FileSystem.swift; sourceTree = "<group>"; };
		0771C5A02431B129002D40F0 /* JoyController.swift */ = {isa = PBXFileReference; lastKnownFileType = sourcecode.swift; path = JoyController.swift; sourceTree = "<group>"; };
		078594F624335FF700B5F09C /* X68000.entitlements */ = {isa = PBXFileReference; lastKnownFileType = text.plist.entitlements; path = X68000.entitlements; sourceTree = "<group>"; };
		0786961C243D9A0D007FCCEA /* X68JoyCard.swift */ = {isa = PBXFileReference; lastKnownFileType = sourcecode.swift; path = X68JoyCard.swift; sourceTree = "<group>"; };
		07869624243D9A8E007FCCEA /* X68Device.swift */ = {isa = PBXFileReference; lastKnownFileType = sourcecode.swift; path = X68Device.swift; sourceTree = "<group>"; };
		0786963C243DBB73007FCCEA /* TAAnalogJoyStick.swift */ = {isa = PBXFileReference; fileEncoding = 4; lastKnownFileType = sourcecode.swift; path = TAAnalogJoyStick.swift; sourceTree = "<group>"; };
		07869641243DBDF7007FCCEA /* jStick@2x.png */ = {isa = PBXFileReference; lastKnownFileType = image.png; path = "jStick@2x.png"; sourceTree = "<group>"; };
		07869642243DBDF7007FCCEA /* jStick.png */ = {isa = PBXFileReference; lastKnownFileType = image.png; path = jStick.png; sourceTree = "<group>"; };
		07869643243DBDF7007FCCEA /* jSubstrate@2x.png */ = {isa = PBXFileReference; lastKnownFileType = image.png; path = "jSubstrate@2x.png"; sourceTree = "<group>"; };
		07869644243DBDF7007FCCEA /* jSubstrate.png */ = {isa = PBXFileReference; lastKnownFileType = image.png; path = jSubstrate.png; sourceTree = "<group>"; };
		07A528BB24389F5300AFD00D /* X68MouseController.swift */ = {isa = PBXFileReference; lastKnownFileType = sourcecode.swift; path = X68MouseController.swift; sourceTree = "<group>"; };
		07B71D7B243A350500953E25 /* MIDIController.swift */ = {isa = PBXFileReference; lastKnownFileType = sourcecode.swift; path = MIDIController.swift; sourceTree = "<group>"; };
		07E6EF2E2430CC1B0034E485 /* IPLROM_DAT.c */ = {isa = PBXFileReference; fileEncoding = 4; lastKnownFileType = sourcecode.c.c; path = IPLROM_DAT.c; sourceTree = "<group>"; };
		07E6EF312430CCAE0034E485 /* CGROM_DAT.c */ = {isa = PBXFileReference; fileEncoding = 4; lastKnownFileType = sourcecode.c.c; path = CGROM_DAT.c; sourceTree = "<group>"; };
		07F4C6C5243065F9002CF5CA /* m68000.h */ = {isa = PBXFileReference; fileEncoding = 4; lastKnownFileType = sourcecode.c.h; path = m68000.h; sourceTree = "<group>"; };
		07F4C6C6243065F9002CF5CA /* m68000.c */ = {isa = PBXFileReference; fileEncoding = 4; lastKnownFileType = sourcecode.c.c; path = m68000.c; sourceTree = "<group>"; };
		07F4C6C92430664A002CF5CA /* fmg_wrap.cpp */ = {isa = PBXFileReference; fileEncoding = 4; lastKnownFileType = sourcecode.cpp.cpp; path = fmg_wrap.cpp; sourceTree = "<group>"; };
		07F4C6CA2430664A002CF5CA /* fmtimer.cpp */ = {isa = PBXFileReference; fileEncoding = 4; lastKnownFileType = sourcecode.cpp.cpp; path = fmtimer.cpp; sourceTree = "<group>"; };
		07F4C6CB2430664A002CF5CA /* opm.cpp */ = {isa = PBXFileReference; fileEncoding = 4; lastKnownFileType = sourcecode.cpp.cpp; path = opm.cpp; sourceTree = "<group>"; };
		07F4C6CC2430664A002CF5CA /* fmgeninl.h */ = {isa = PBXFileReference; fileEncoding = 2147486209; lastKnownFileType = sourcecode.c.h; path = fmgeninl.h; sourceTree = "<group>"; };
		07F4C6CD2430664A002CF5CA /* fmg_wrap.h */ = {isa = PBXFileReference; fileEncoding = 4; lastKnownFileType = sourcecode.c.h; path = fmg_wrap.h; sourceTree = "<group>"; };
		07F4C6D12430664A002CF5CA /* diag.h */ = {isa = PBXFileReference; fileEncoding = 4; lastKnownFileType = sourcecode.c.h; path = diag.h; sourceTree = "<group>"; };
		07F4C6D22430664A002CF5CA /* misc.h */ = {isa = PBXFileReference; fileEncoding = 4; lastKnownFileType = sourcecode.c.h; path = misc.h; sourceTree = "<group>"; };
		07F4C6D32430664A002CF5CA /* fmgen_types.h */ = {isa = PBXFileReference; fileEncoding = 4; lastKnownFileType = sourcecode.c.h; path = fmgen_types.h; sourceTree = "<group>"; };
		07F4C6D52430664B002CF5CA /* opm.h */ = {isa = PBXFileReference; fileEncoding = 4; lastKnownFileType = sourcecode.c.h; path = opm.h; sourceTree = "<group>"; };
		07F4C6D62430664B002CF5CA /* fmgen.cpp */ = {isa = PBXFileReference; fileEncoding = 4; lastKnownFileType = sourcecode.cpp.cpp; path = fmgen.cpp; sourceTree = "<group>"; };
		07F4C6D72430664B002CF5CA /* fmgen.h */ = {isa = PBXFileReference; fileEncoding = 4; lastKnownFileType = sourcecode.c.h; path = fmgen.h; sourceTree = "<group>"; };
		07F4C6D82430664B002CF5CA /* fmtimer.h */ = {isa = PBXFileReference; fileEncoding = 4; lastKnownFileType = sourcecode.c.h; path = fmtimer.h; sourceTree = "<group>"; };
		07F4C6D92430664B002CF5CA /* headers.h */ = {isa = PBXFileReference; fileEncoding = 4; lastKnownFileType = sourcecode.c.h; path = headers.h; sourceTree = "<group>"; };
		07F4C6EA24306679002CF5CA /* fdc.c */ = {isa = PBXFileReference; fileEncoding = 4; lastKnownFileType = sourcecode.c.c; path = fdc.c; sourceTree = "<group>"; };
		07F4C6EB24306679002CF5CA /* scsi.h */ = {isa = PBXFileReference; fileEncoding = 4; lastKnownFileType = sourcecode.c.h; path = scsi.h; sourceTree = "<group>"; };
		07F4C6EC2430667A002CF5CA /* mfp.h */ = {isa = PBXFileReference; fileEncoding = 4; lastKnownFileType = sourcecode.c.h; path = mfp.h; sourceTree = "<group>"; };
		07F4C6ED2430667A002CF5CA /* sasi.c */ = {isa = PBXFileReference; fileEncoding = 4; lastKnownFileType = sourcecode.c.c; path = sasi.c; sourceTree = "<group>"; };
		07F4C6EE2430667A002CF5CA /* midi.c */ = {isa = PBXFileReference; fileEncoding = 4; lastKnownFileType = sourcecode.c.c; path = midi.c; sourceTree = "<group>"; };
		07F4C6EF2430667A002CF5CA /* scc.h */ = {isa = PBXFileReference; fileEncoding = 4; lastKnownFileType = sourcecode.c.h; path = scc.h; sourceTree = "<group>"; };
		07F4C6F02430667A002CF5CA /* crtc.h */ = {isa = PBXFileReference; fileEncoding = 4; lastKnownFileType = sourcecode.c.h; path = crtc.h; sourceTree = "<group>"; };
		07F4C6F12430667A002CF5CA /* crtc.c */ = {isa = PBXFileReference; fileEncoding = 4; lastKnownFileType = sourcecode.c.c; path = crtc.c; sourceTree = "<group>"; };
		07F4C6F22430667A002CF5CA /* gvram.h */ = {isa = PBXFileReference; fileEncoding = 4; lastKnownFileType = sourcecode.c.h; path = gvram.h; sourceTree = "<group>"; };
		07F4C6F32430667A002CF5CA /* irqh.c */ = {isa = PBXFileReference; fileEncoding = 4; lastKnownFileType = sourcecode.c.c; path = irqh.c; sourceTree = "<group>"; };
		07F4C6F42430667A002CF5CA /* palette.h */ = {isa = PBXFileReference; fileEncoding = 4; lastKnownFileType = sourcecode.c.h; path = palette.h; sourceTree = "<group>"; };
		07F4C6F52430667A002CF5CA /* d68k.c */ = {isa = PBXFileReference; fileEncoding = 4; lastKnownFileType = sourcecode.c.c; path = d68k.c; sourceTree = "<group>"; };
		07F4C6F62430667A002CF5CA /* adpcm.c */ = {isa = PBXFileReference; fileEncoding = 4; lastKnownFileType = sourcecode.c.c; path = adpcm.c; sourceTree = "<group>"; };
		07F4C6F82430667A002CF5CA /* d68kconf.h */ = {isa = PBXFileReference; fileEncoding = 4; lastKnownFileType = sourcecode.c.h; path = d68kconf.h; sourceTree = "<group>"; };
		07F4C6F92430667A002CF5CA /* scsi.c */ = {isa = PBXFileReference; fileEncoding = 4; lastKnownFileType = sourcecode.c.c; path = scsi.c; sourceTree = "<group>"; };
		07F4C6FA2430667A002CF5CA /* disk_d88.c */ = {isa = PBXFileReference; fileEncoding = 4; lastKnownFileType = sourcecode.c.c; path = disk_d88.c; sourceTree = "<group>"; };
		07F4C6FB2430667A002CF5CA /* mem_wrap.c */ = {isa = PBXFileReference; fileEncoding = 4; lastKnownFileType = sourcecode.c.c; path = mem_wrap.c; sourceTree = "<group>"; };
		07F4C6FC2430667A002CF5CA /* palette.c */ = {isa = PBXFileReference; fileEncoding = 4; lastKnownFileType = sourcecode.c.c; path = palette.c; sourceTree = "<group>"; };
		07F4C6FD2430667A002CF5CA /* fdc.h */ = {isa = PBXFileReference; fileEncoding = 4; lastKnownFileType = sourcecode.c.h; path = fdc.h; sourceTree = "<group>"; };
		07F4C6FE2430667A002CF5CA /* d68k.h */ = {isa = PBXFileReference; fileEncoding = 4; lastKnownFileType = sourcecode.c.h; path = d68k.h; sourceTree = "<group>"; };
		07F4C6FF2430667B002CF5CA /* sram.h */ = {isa = PBXFileReference; fileEncoding = 4; lastKnownFileType = sourcecode.c.h; path = sram.h; sourceTree = "<group>"; };
		07F4C7002430667B002CF5CA /* ioc.h */ = {isa = PBXFileReference; fileEncoding = 4; lastKnownFileType = sourcecode.c.h; path = ioc.h; sourceTree = "<group>"; };
		07F4C7012430667B002CF5CA /* tvram.c */ = {isa = PBXFileReference; fileEncoding = 4; lastKnownFileType = sourcecode.c.c; path = tvram.c; sourceTree = "<group>"; };
		07F4C7032430667B002CF5CA /* dmac.c */ = {isa = PBXFileReference; fileEncoding = 4; lastKnownFileType = sourcecode.c.c; path = dmac.c; sourceTree = "<group>"; };
		07F4C7042430667B002CF5CA /* pia.c */ = {isa = PBXFileReference; fileEncoding = 4; lastKnownFileType = sourcecode.c.c; path = pia.c; sourceTree = "<group>"; };
		07F4C7052430667B002CF5CA /* fdd.h */ = {isa = PBXFileReference; fileEncoding = 4; lastKnownFileType = sourcecode.c.h; path = fdd.h; sourceTree = "<group>"; };
		07F4C7062430667B002CF5CA /* m68000.h */ = {isa = PBXFileReference; fileEncoding = 4; lastKnownFileType = sourcecode.c.h; path = m68000.h; sourceTree = "<group>"; };
		07F4C7072430667B002CF5CA /* fdd.c */ = {isa = PBXFileReference; fileEncoding = 4; lastKnownFileType = sourcecode.c.c; path = fdd.c; sourceTree = "<group>"; };
		07F4C7082430667B002CF5CA /* disk_xdf.h */ = {isa = PBXFileReference; fileEncoding = 4; lastKnownFileType = sourcecode.c.h; path = disk_xdf.h; sourceTree = "<group>"; };
		07F4C7092430667B002CF5CA /* disk_dim.h */ = {isa = PBXFileReference; fileEncoding = 4; lastKnownFileType = sourcecode.c.h; path = disk_dim.h; sourceTree = "<group>"; };
		07F4C70A2430667B002CF5CA /* disk_d88.h */ = {isa = PBXFileReference; fileEncoding = 4; lastKnownFileType = sourcecode.c.h; path = disk_d88.h; sourceTree = "<group>"; };
		07F4C70B2430667B002CF5CA /* mfp.c */ = {isa = PBXFileReference; fileEncoding = 4; lastKnownFileType = sourcecode.c.c; path = mfp.c; sourceTree = "<group>"; };
		07F4C70C2430667B002CF5CA /* sysport.c */ = {isa = PBXFileReference; fileEncoding = 4; lastKnownFileType = sourcecode.c.c; path = sysport.c; sourceTree = "<group>"; };
		07F4C70D2430667B002CF5CA /* bg.c */ = {isa = PBXFileReference; fileEncoding = 4; lastKnownFileType = sourcecode.c.c; path = bg.c; sourceTree = "<group>"; };
		07F4C70E2430667B002CF5CA /* sram.c */ = {isa = PBXFileReference; fileEncoding = 4; lastKnownFileType = sourcecode.c.c; path = sram.c; sourceTree = "<group>"; };
		07F4C70F2430667C002CF5CA /* tvram.h */ = {isa = PBXFileReference; fileEncoding = 4; lastKnownFileType = sourcecode.c.h; path = tvram.h; sourceTree = "<group>"; };
		07F4C7102430667C002CF5CA /* scc.c */ = {isa = PBXFileReference; fileEncoding = 4; lastKnownFileType = sourcecode.c.c; path = scc.c; sourceTree = "<group>"; };
		07F4C7112430667C002CF5CA /* sysport.h */ = {isa = PBXFileReference; fileEncoding = 4; lastKnownFileType = sourcecode.c.h; path = sysport.h; sourceTree = "<group>"; };
		07F4C7122430667C002CF5CA /* disk_dim.c */ = {isa = PBXFileReference; fileEncoding = 4; lastKnownFileType = sourcecode.c.c; path = disk_dim.c; sourceTree = "<group>"; };
		07F4C7132430667C002CF5CA /* dmac.h */ = {isa = PBXFileReference; fileEncoding = 4; lastKnownFileType = sourcecode.c.h; path = dmac.h; sourceTree = "<group>"; };
		07F4C7142430667C002CF5CA /* rtc.h */ = {isa = PBXFileReference; fileEncoding = 4; lastKnownFileType = sourcecode.c.h; path = rtc.h; sourceTree = "<group>"; };
		07F4C7162430667C002CF5CA /* cpu_glue.c */ = {isa = PBXFileReference; fileEncoding = 4; lastKnownFileType = sourcecode.c.c; path = cpu_glue.c; sourceTree = "<group>"; };
		07F4C7172430667C002CF5CA /* gvram.c */ = {isa = PBXFileReference; fileEncoding = 4; lastKnownFileType = sourcecode.c.c; path = gvram.c; sourceTree = "<group>"; };
		07F4C7182430667C002CF5CA /* bg.h */ = {isa = PBXFileReference; fileEncoding = 4; lastKnownFileType = sourcecode.c.h; path = bg.h; sourceTree = "<group>"; };
		07F4C7192430667C002CF5CA /* sasi.h */ = {isa = PBXFileReference; fileEncoding = 4; lastKnownFileType = sourcecode.c.h; path = sasi.h; sourceTree = "<group>"; };
		07F4C71A2430667C002CF5CA /* irqh.h */ = {isa = PBXFileReference; fileEncoding = 4; lastKnownFileType = sourcecode.c.h; path = irqh.h; sourceTree = "<group>"; };
		07F4C71B2430667D002CF5CA /* adpcm.h */ = {isa = PBXFileReference; fileEncoding = 4; lastKnownFileType = sourcecode.c.h; path = adpcm.h; sourceTree = "<group>"; };
		07F4C71C2430667D002CF5CA /* pia.h */ = {isa = PBXFileReference; fileEncoding = 4; lastKnownFileType = sourcecode.c.h; path = pia.h; sourceTree = "<group>"; };
		07F4C71D2430667D002CF5CA /* midi.h */ = {isa = PBXFileReference; fileEncoding = 4; lastKnownFileType = sourcecode.c.h; path = midi.h; sourceTree = "<group>"; };
		07F4C71E2430667D002CF5CA /* rtc.c */ = {isa = PBXFileReference; fileEncoding = 4; lastKnownFileType = sourcecode.c.c; path = rtc.c; sourceTree = "<group>"; };
		07F4C71F2430667D002CF5CA /* ioc.c */ = {isa = PBXFileReference; fileEncoding = 2147486209; lastKnownFileType = sourcecode.c.c; lineEnding = 0; path = ioc.c; sourceTree = "<group>"; };
		07F4C7202430667D002CF5CA /* disk_xdf.c */ = {isa = PBXFileReference; fileEncoding = 4; lastKnownFileType = sourcecode.c.c; path = disk_xdf.c; sourceTree = "<group>"; };
		07F4C7572430A73C002CF5CA /* AudioStream.swift */ = {isa = PBXFileReference; fileEncoding = 4; lastKnownFileType = sourcecode.swift; path = AudioStream.swift; sourceTree = "<group>"; };
		07F863A2242F93E800CBB224 /* Actions.sks */ = {isa = PBXFileReference; lastKnownFileType = file.sks; path = Actions.sks; sourceTree = "<group>"; };
		07F863A4242F93E800CBB224 /* GameScene.swift */ = {isa = PBXFileReference; fileEncoding = 4; lastKnownFileType = sourcecode.swift; path = GameScene.swift; sourceTree = "<group>"; };
		07F863A5242F93EA00CBB224 /* Assets.xcassets */ = {isa = PBXFileReference; lastKnownFileType = folder.assetcatalog; path = Assets.xcassets; sourceTree = "<group>"; };
		07F863BC242F93EA00CBB224 /* MPX68K.app */ = {isa = PBXFileReference; explicitFileType = wrapper.application; includeInIndex = 0; path = MPX68K.app; sourceTree = BUILT_PRODUCTS_DIR; };
		07F863C3242F93EA00CBB224 /* Base */ = {isa = PBXFileReference; lastKnownFileType = file.storyboard; name = Base; path = Base.lproj/Main.storyboard; sourceTree = "<group>"; };
		07F863C5242F93EA00CBB224 /* Info.plist */ = {isa = PBXFileReference; lastKnownFileType = text.plist.xml; path = Info.plist; sourceTree = "<group>"; };
		07F86403242F94BB00CBB224 /* dosio.c */ = {isa = PBXFileReference; fileEncoding = 4; lastKnownFileType = sourcecode.c.c; path = dosio.c; sourceTree = "<group>"; };
		07F86404242F94BB00CBB224 /* peace.c */ = {isa = PBXFileReference; fileEncoding = 4; lastKnownFileType = sourcecode.c.c; path = peace.c; sourceTree = "<group>"; };
		07F86405242F94BB00CBB224 /* peace.h */ = {isa = PBXFileReference; fileEncoding = 4; lastKnownFileType = sourcecode.c.h; path = peace.h; sourceTree = "<group>"; };
		07F86406242F94BB00CBB224 /* mmsystem.h */ = {isa = PBXFileReference; fileEncoding = 4; lastKnownFileType = sourcecode.c.h; path = mmsystem.h; sourceTree = "<group>"; };
		07F86407242F94BB00CBB224 /* dosio.h */ = {isa = PBXFileReference; fileEncoding = 4; lastKnownFileType = sourcecode.c.h; path = dosio.h; sourceTree = "<group>"; };
		07F86408242F94BB00CBB224 /* fake.c */ = {isa = PBXFileReference; fileEncoding = 4; lastKnownFileType = sourcecode.c.c; path = fake.c; sourceTree = "<group>"; };
		07F86409242F94BB00CBB224 /* appftype.h */ = {isa = PBXFileReference; fileEncoding = 4; lastKnownFileType = sourcecode.c.h; path = appftype.h; sourceTree = "<group>"; };
		07F8640A242F94BB00CBB224 /* windows.h */ = {isa = PBXFileReference; fileEncoding = 4; lastKnownFileType = sourcecode.c.h; path = windows.h; sourceTree = "<group>"; };
		07F86490242F97BC00CBB224 /* common.h */ = {isa = PBXFileReference; fileEncoding = 4; lastKnownFileType = sourcecode.c.h; name = common.h; path = ../m68000/common.h; sourceTree = "<group>"; };
		07F86491242F97BC00CBB224 /* joystick.c */ = {isa = PBXFileReference; fileEncoding = 4; lastKnownFileType = sourcecode.c.c; path = joystick.c; sourceTree = "<group>"; };
		07F86494242F97BC00CBB224 /* windraw.c */ = {isa = PBXFileReference; fileEncoding = 4; lastKnownFileType = sourcecode.c.c; path = windraw.c; sourceTree = "<group>"; };
		07F86495242F97BC00CBB224 /* cdrom.h */ = {isa = PBXFileReference; fileEncoding = 4; lastKnownFileType = sourcecode.c.h; path = cdrom.h; sourceTree = "<group>"; };
		07F86496242F97BC00CBB224 /* winx68k.h */ = {isa = PBXFileReference; fileEncoding = 4; lastKnownFileType = sourcecode.c.h; path = winx68k.h; sourceTree = "<group>"; };
		07F86497242F97BC00CBB224 /* status.h */ = {isa = PBXFileReference; fileEncoding = 4; lastKnownFileType = sourcecode.c.h; path = status.h; sourceTree = "<group>"; };
		07F86498242F97BC00CBB224 /* timer.h */ = {isa = PBXFileReference; fileEncoding = 4; lastKnownFileType = sourcecode.c.h; path = timer.h; sourceTree = "<group>"; };
		07F86499242F97BC00CBB224 /* joystick.h */ = {isa = PBXFileReference; fileEncoding = 4; lastKnownFileType = sourcecode.c.h; path = joystick.h; sourceTree = "<group>"; };
		07F8649A242F97BC00CBB224 /* cdctrl.h */ = {isa = PBXFileReference; fileEncoding = 4; lastKnownFileType = sourcecode.c.h; path = cdctrl.h; sourceTree = "<group>"; };
		07F8649B242F97BC00CBB224 /* winx68k.cpp */ = {isa = PBXFileReference; fileEncoding = 4; lastKnownFileType = sourcecode.cpp.cpp; path = winx68k.cpp; sourceTree = "<group>"; };
		07F8649C242F97BC00CBB224 /* keyconf.h */ = {isa = PBXFileReference; fileEncoding = 4; lastKnownFileType = sourcecode.c.h; path = keyconf.h; sourceTree = "<group>"; };
		07F8649D242F97BC00CBB224 /* keyboard.h */ = {isa = PBXFileReference; fileEncoding = 4; lastKnownFileType = sourcecode.c.h; path = keyboard.h; sourceTree = "<group>"; };
		07F864A1242F97BC00CBB224 /* cdaspi.h */ = {isa = PBXFileReference; fileEncoding = 4; lastKnownFileType = sourcecode.c.h; path = cdaspi.h; sourceTree = "<group>"; };
		07F864A2242F97BC00CBB224 /* prop.h */ = {isa = PBXFileReference; fileEncoding = 4; lastKnownFileType = sourcecode.c.h; path = prop.h; sourceTree = "<group>"; };
		07F864A3242F97BD00CBB224 /* keyboard.c */ = {isa = PBXFileReference; fileEncoding = 4; lastKnownFileType = sourcecode.c.c; path = keyboard.c; sourceTree = "<group>"; };
		07F864A4242F97BD00CBB224 /* windraw.h */ = {isa = PBXFileReference; fileEncoding = 4; lastKnownFileType = sourcecode.c.h; path = windraw.h; sourceTree = "<group>"; };
		07F864A5242F97BD00CBB224 /* dswin.c */ = {isa = PBXFileReference; fileEncoding = 4; lastKnownFileType = sourcecode.c.c; path = dswin.c; sourceTree = "<group>"; };
		07F864A6242F97BD00CBB224 /* keyconf.c */ = {isa = PBXFileReference; fileEncoding = 4; lastKnownFileType = sourcecode.c.c; path = keyconf.c; sourceTree = "<group>"; };
		07F864A9242F97BD00CBB224 /* mouse.c */ = {isa = PBXFileReference; fileEncoding = 4; lastKnownFileType = sourcecode.c.c; path = mouse.c; sourceTree = "<group>"; };
		07F864AA242F97BD00CBB224 /* prop.c */ = {isa = PBXFileReference; fileEncoding = 4; lastKnownFileType = sourcecode.c.c; path = prop.c; sourceTree = "<group>"; };
		07F864AB242F97BD00CBB224 /* dswin.h */ = {isa = PBXFileReference; fileEncoding = 4; lastKnownFileType = sourcecode.c.h; path = dswin.h; sourceTree = "<group>"; };
		07F864AC242F97BD00CBB224 /* fileio.h */ = {isa = PBXFileReference; fileEncoding = 4; lastKnownFileType = sourcecode.c.h; path = fileio.h; sourceTree = "<group>"; };
		07F864AD242F97BD00CBB224 /* keytbl.inc */ = {isa = PBXFileReference; fileEncoding = 4; lastKnownFileType = text; path = keytbl.inc; sourceTree = "<group>"; };
		07F864AE242F97BD00CBB224 /* version.h */ = {isa = PBXFileReference; fileEncoding = 4; lastKnownFileType = sourcecode.c.h; path = version.h; sourceTree = "<group>"; };
		07F864AF242F97BD00CBB224 /* cmdline.h */ = {isa = PBXFileReference; fileEncoding = 4; lastKnownFileType = sourcecode.c.h; path = cmdline.h; sourceTree = "<group>"; };
		07F864B0242F97BD00CBB224 /* common.c */ = {isa = PBXFileReference; fileEncoding = 4; lastKnownFileType = sourcecode.c.c; name = common.c; path = ../m68000/common.c; sourceTree = "<group>"; };
		07F864B1242F97BE00CBB224 /* mouse.h */ = {isa = PBXFileReference; fileEncoding = 4; lastKnownFileType = sourcecode.c.h; path = mouse.h; sourceTree = "<group>"; };
		07F864B2242F97BE00CBB224 /* menu_str_sjis.txt */ = {isa = PBXFileReference; fileEncoding = 4; lastKnownFileType = text; path = menu_str_sjis.txt; sourceTree = "<group>"; };
		07F864B4242F97BE00CBB224 /* status.c */ = {isa = PBXFileReference; fileEncoding = 4; lastKnownFileType = sourcecode.c.c; path = status.c; sourceTree = "<group>"; };
		07F864B7242F97BE00CBB224 /* timer.c */ = {isa = PBXFileReference; fileEncoding = 4; lastKnownFileType = sourcecode.c.c; path = timer.c; sourceTree = "<group>"; };
		3DD3E14A263EC71A001A75F0 /* X68000Debug.entitlements */ = {isa = PBXFileReference; lastKnownFileType = text.plist.entitlements; path = X68000Debug.entitlements; sourceTree = "<group>"; };
		535D07AC2E685DF900CF5265 /* ppi.h */ = {isa = PBXFileReference; lastKnownFileType = sourcecode.c.h; path = ppi.h; sourceTree = "<group>"; };
		535D07AF2E685E0300CF5265 /* ppi.c */ = {isa = PBXFileReference; lastKnownFileType = sourcecode.c.c; path = ppi.c; sourceTree = "<group>"; };
		535D07B12E685E1D00CF5265 /* AppDelegate.swift */ = {isa = PBXFileReference; lastKnownFileType = sourcecode.swift; path = AppDelegate.swift; sourceTree = "<group>"; };
		535D07B32E685E2900CF5265 /* GameViewController.swift */ = {isa = PBXFileReference; lastKnownFileType = sourcecode.swift; path = GameViewController.swift; sourceTree = "<group>"; };
		535D07B52E685E4600CF5265 /* X68000 macOS-Bridging-Header.h */ = {isa = PBXFileReference; lastKnownFileType = sourcecode.c.h; path = "X68000 macOS-Bridging-Header.h"; sourceTree = "<group>"; };
		535D07B72E686CB300CF5265 /* ppi_8255.h */ = {isa = PBXFileReference; lastKnownFileType = sourcecode.c.h; path = ppi_8255.h; sourceTree = "<group>"; };
		53A861172E4375CA0056E4DE /* X68ErrorHandling.swift */ = {isa = PBXFileReference; lastKnownFileType = sourcecode.swift; path = X68ErrorHandling.swift; sourceTree = "<group>"; };
		53A861182E4375CA0056E4DE /* X68Logger.swift */ = {isa = PBXFileReference; lastKnownFileType = sourcecode.swift; path = X68Logger.swift; sourceTree = "<group>"; };
		53A861192E4375CA0056E4DE /* X68Security.swift */ = {isa = PBXFileReference; lastKnownFileType = sourcecode.swift; path = X68Security.swift; sourceTree = "<group>"; };
		53C0A0FF2E50000000AAA001 /* CRT/CRTSettings.swift */ = {isa = PBXFileReference; fileEncoding = 4; lastKnownFileType = sourcecode.swift; path = CRT/CRTSettings.swift; sourceTree = "<group>"; };
		53C0A1012E50000000AAA001 /* CRT/CRTFilterManager.swift */ = {isa = PBXFileReference; fileEncoding = 4; lastKnownFileType = sourcecode.swift; path = CRT/CRTFilterManager.swift; sourceTree = "<group>"; };
		53C0A1032E50010000AAA001 /* CRT/CRTOverlay.swift */ = {isa = PBXFileReference; fileEncoding = 4; lastKnownFileType = sourcecode.swift; path = CRT/CRTOverlay.swift; sourceTree = "<group>"; };
		53C0A1052E50050000AAA001 /* SuperimposeManager.swift */ = {isa = PBXFileReference; fileEncoding = 4; lastKnownFileType = sourcecode.swift; path = SuperimposeManager.swift; sourceTree = "<group>"; };
		AA000002300000000000AA01 /* MonitorView.swift */ = {isa = PBXFileReference; lastKnownFileType = sourcecode.swift; path = MonitorView.swift; sourceTree = "<group>"; };
		AA000004300000000000AA01 /* MonitorWindowController.swift */ = {isa = PBXFileReference; lastKnownFileType = sourcecode.swift; path = MonitorWindowController.swift; sourceTree = "<group>"; };
		AC10FEED2508190000000002 /* crtc_timing.c */ = {isa = PBXFileReference; fileEncoding = 4; lastKnownFileType = sourcecode.c.c; path = crtc_timing.c; sourceTree = "<group>"; };
		AC10FEED2508190000000003 /* crtc_timing.h */ = {isa = PBXFileReference; fileEncoding = 4; lastKnownFileType = sourcecode.c.h; path = crtc_timing.h; sourceTree = "<group>"; };
		AC10FEED2508190000000005 /* scrbuf.c */ = {isa = PBXFileReference; fileEncoding = 4; lastKnownFileType = sourcecode.c.c; path = scrbuf.c; sourceTree = "<group>"; };
		AC10FEED2508190000000006 /* scrbuf.h */ = {isa = PBXFileReference; fileEncoding = 4; lastKnownFileType = sourcecode.c.h; path = scrbuf.h; sourceTree = "<group>"; };
		073F76E7243213C1005B1F18 /* X68000 for iOS.entitlements */ = {isa = PBXFileReference; lastKnownFileType = text.plist.entitlements; path = "X68000 for iOS.entitlements"; sourceTree = "<group>"; };
		3DD3E149263EC1E8001A75F0 /* X68000 for iOSDebug.entitlements */ = {isa = PBXFileReference; lastKnownFileType = text.plist.entitlements; path = "X68000 for iOSDebug.entitlements"; sourceTree = "<group>"; };
		07F863AD242F93EA00CBB224 /* AppDelegate.swift */ = {isa = PBXFileReference; lastKnownFileType = sourcecode.swift; path = AppDelegate.swift; sourceTree = "<group>"; };
		07F863AF242F93EA00CBB224 /* GameViewController.swift */ = {isa = PBXFileReference; lastKnownFileType = sourcecode.swift; path = GameViewController.swift; sourceTree = "<group>"; };
		07F863B2242F93EA00CBB224 /* Base */ = {isa = PBXFileReference; lastKnownFileType = file.storyboard; name = Base; path = Base.lproj/Main.storyboard; sourceTree = "<group>"; };
		07F863B5242F93EA00CBB224 /* Base */ = {isa = PBXFileReference; lastKnownFileType = file.storyboard; name = Base; path = Base.lproj/LaunchScreen.storyboard; sourceTree = "<group>"; };
		07F863B7242F93EA00CBB224 /* Info.plist */ = {isa = PBXFileReference; lastKnownFileType = text.plist.xml; path = Info.plist; sourceTree = "<group>"; };
		07F863AA242F93EA00CBB224 /* X68000 for iOS.app */ = {isa = PBXFileReference; explicitFileType = wrapper.application; includeInIndex = 0; path = "X68000 for iOS.app"; sourceTree = BUILT_PRODUCTS_DIR; };
		07F863D8242F944100CBB224 /* X68000 iOS-Bridging-Header.h */ = {isa = PBXFileReference; lastKnownFileType = sourcecode.c.h; path = "X68000 iOS-Bridging-Header.h"; sourceTree = "<group>"; };
/* End PBXFileReference section */

/* Begin PBXFrameworksBuildPhase section */
		07F863B9242F93EA00CBB224 /* Frameworks */ = {
			isa = PBXFrameworksBuildPhase;
			files = (
				53A861232E4376CB0056E4DE /* _CryptoExtras in Frameworks */,
				53A861212E4376CB0056E4DE /* Crypto in Frameworks */,
			);
		};
/* End PBXFrameworksBuildPhase section */

/* Begin PBXGroup section */
		073F76FC24323762005B1F18 /* Products */ = {
			isa = PBXGroup;
			children = (
				073F770024323763005B1F18 /* libc68k.a */,
				07E2E67B24324319007EFB06 /* libc68k_mac_DEBUG.a */,
			);
			name = Products;
			sourceTree = "<group>";
		};
		0764421C24333257006E5208 /* Frameworks */ = {
			isa = PBXGroup;
			children = (
			);
			name = Frameworks;
			sourceTree = "<group>";
		};
		07F4C679243065E0002CF5CA /* c68k */ = {
			isa = PBXGroup;
			children = (
			);
			path = c68k;
			sourceTree = "<group>";
		};
		07F8639C242F93E800CBB224 = {
			isa = PBXGroup;
			children = (
				073F76FB24323762005B1F18 /* c68k.xcodeproj */,
				07F863A1242F93E800CBB224 /* X68000 Shared */,
				07F863AC242F93EA00CBB224 /* X68000 iOS */,
				07F863BD242F93EA00CBB224 /* X68000 macOS */,
				07F863AB242F93EA00CBB224 /* Products */,
				0764421C24333257006E5208 /* Frameworks */,
			);
			sourceTree = "<group>";
		};
		07F863A1242F93E800CBB224 /* X68000 Shared */ = {
			isa = PBXGroup;
			children = (
				07F863D6242F940200CBB224 /* px68k */,
				07F863A2242F93E800CBB224 /* Actions.sks */,
				073F76E42431F438005B1F18 /* GameScene.sks */,
				0758DC57243EFCE60097E86C /* ConfigScene.sks */,
				53C0A1072E50060000AAA001 /* Superimpose */,
				0786961C243D9A0D007FCCEA /* X68JoyCard.swift */,
				0786963C243DBB73007FCCEA /* TAAnalogJoyStick.swift */,
				07869624243D9A8E007FCCEA /* X68Device.swift */,
				07644219243328C3006E5208 /* FileSystem.swift */,
				07F863A4242F93E800CBB224 /* GameScene.swift */,
				0758DC5D243EFD830097E86C /* ConfigScene.swift */,
				07A528BB24389F5300AFD00D /* X68MouseController.swift */,
				07B71D7B243A350500953E25 /* MIDIController.swift */,
				0760DC2924350DDC004CA0CF /* BenchMark.swift */,
				53A861172E4375CA0056E4DE /* X68ErrorHandling.swift */,
				53A861182E4375CA0056E4DE /* X68Logger.swift */,
				0771C5A02431B129002D40F0 /* JoyController.swift */,
				53A861192E4375CA0056E4DE /* X68Security.swift */,
				07F4C7572430A73C002CF5CA /* AudioStream.swift */,
				07F863A5242F93EA00CBB224 /* Assets.xcassets */,
				53C0A0FF2E50000000AAA001 /* CRT/CRTSettings.swift */,
				53C0A1012E50000000AAA001 /* CRT/CRTFilterManager.swift */,
				53C0A1032E50010000AAA001 /* CRT/CRTOverlay.swift */,
			);
			path = "X68000 Shared";
			sourceTree = "<group>";
		};
		07F863AB242F93EA00CBB224 /* Products */ = {
			isa = PBXGroup;
			children = (
				07F863AA242F93EA00CBB224 /* X68000 for iOS.app */,
				07F863BC242F93EA00CBB224 /* MPX68K.app */,
			);
			name = Products;
			sourceTree = "<group>";
		};
		07F863BD242F93EA00CBB224 /* X68000 macOS */ = {
			isa = PBXGroup;
			children = (
				3DD3E14A263EC71A001A75F0 /* X68000Debug.entitlements */,
				078594F624335FF700B5F09C /* X68000.entitlements */,
				535D07B32E685E2900CF5265 /* GameViewController.swift */,
				535D07B12E685E1D00CF5265 /* AppDelegate.swift */,
				AA000002300000000000AA01 /* MonitorView.swift */,
				AA000004300000000000AA01 /* MonitorWindowController.swift */,
				07F863C2242F93EA00CBB224 /* Main.storyboard */,
				07F863C5242F93EA00CBB224 /* Info.plist */,
			);
			path = "X68000 macOS";
			sourceTree = "<group>";
		};
		07F863AC242F93EA00CBB224 /* X68000 iOS */ = {
			isa = PBXGroup;
			children = (
				3DD3E149263EC1E8001A75F0 /* X68000 for iOSDebug.entitlements */,
				073F76E7243213C1005B1F18 /* X68000 for iOS.entitlements */,
				07F863AD242F93EA00CBB224 /* AppDelegate.swift */,
				07F863AF242F93EA00CBB224 /* GameViewController.swift */,
				07F863B1242F93EA00CBB224 /* Main.storyboard */,
				07F863B4242F93EA00CBB224 /* LaunchScreen.storyboard */,
				07F863B7242F93EA00CBB224 /* Info.plist */,
			);
			path = "X68000 iOS";
			sourceTree = "<group>";
		};
		07F863D6242F940200CBB224 /* px68k */ = {
			isa = PBXGroup;
			children = (
				0758DD5924401BA10097E86C /* HDDIcon.png */,
				07869642243DBDF7007FCCEA /* jStick.png */,
				07869641243DBDF7007FCCEA /* jStick@2x.png */,
				07869644243DBDF7007FCCEA /* jSubstrate.png */,
				07869643243DBDF7007FCCEA /* jSubstrate@2x.png */,
				0760DC262434F492004CA0CF /* FDD.png */,
				07F8648F242F97A700CBB224 /* x11 */,
				07F86421242F970100CBB224 /* x68k */,
				07F86411242F967D00CBB224 /* m68000 */,
				07F86402242F94AA00CBB224 /* win32api */,
				07F863D7242F941700CBB224 /* fmgen */,
			);
			path = px68k;
			sourceTree = "<group>";
		};
		07F863D7242F941700CBB224 /* fmgen */ = {
			isa = PBXGroup;
			children = (
				07F4C6D12430664A002CF5CA /* diag.h */,
				07F4C6C92430664A002CF5CA /* fmg_wrap.cpp */,
				07F4C6CD2430664A002CF5CA /* fmg_wrap.h */,
				07F4C6D32430664A002CF5CA /* fmgen_types.h */,
				07F4C6D62430664B002CF5CA /* fmgen.cpp */,
				07F4C6D72430664B002CF5CA /* fmgen.h */,
				07F4C6CC2430664A002CF5CA /* fmgeninl.h */,
				07F4C6CA2430664A002CF5CA /* fmtimer.cpp */,
				07F4C6D82430664B002CF5CA /* fmtimer.h */,
				07F4C6D92430664B002CF5CA /* headers.h */,
				07F4C6D22430664A002CF5CA /* misc.h */,
				07F4C6CB2430664A002CF5CA /* opm.cpp */,
				07F4C6D52430664B002CF5CA /* opm.h */,
				07F863D8242F944100CBB224 /* X68000 iOS-Bridging-Header.h */,
				535D07B52E685E4600CF5265 /* X68000 macOS-Bridging-Header.h */,
			);
			path = fmgen;
			sourceTree = "<group>";
		};
		07F86402242F94AA00CBB224 /* win32api */ = {
			isa = PBXGroup;
			children = (
				07F86409242F94BB00CBB224 /* appftype.h */,
				07F86403242F94BB00CBB224 /* dosio.c */,
				07F86407242F94BB00CBB224 /* dosio.h */,
				07F86408242F94BB00CBB224 /* fake.c */,
				07F86406242F94BB00CBB224 /* mmsystem.h */,
				07F86404242F94BB00CBB224 /* peace.c */,
				07F86405242F94BB00CBB224 /* peace.h */,
				07F8640A242F94BB00CBB224 /* windows.h */,
			);
			path = win32api;
			sourceTree = "<group>";
		};
		07F86411242F967D00CBB224 /* m68000 */ = {
			isa = PBXGroup;
			children = (
				07F4C6C6243065F9002CF5CA /* m68000.c */,
				07F4C6C5243065F9002CF5CA /* m68000.h */,
				07F4C679243065E0002CF5CA /* c68k */,
			);
			path = m68000;
			sourceTree = "<group>";
		};
		07F86421242F970100CBB224 /* x68k */ = {
			isa = PBXGroup;
			children = (
				07F4C6F62430667A002CF5CA /* adpcm.c */,
				07F4C71B2430667D002CF5CA /* adpcm.h */,
				07F4C70D2430667B002CF5CA /* bg.c */,
				07F4C7182430667C002CF5CA /* bg.h */,
				07F4C7162430667C002CF5CA /* cpu_glue.c */,
				07F4C6F12430667A002CF5CA /* crtc.c */,
				07F4C6F02430667A002CF5CA /* crtc.h */,
				AC10FEED2508190000000002 /* crtc_timing.c */,
				AC10FEED2508190000000003 /* crtc_timing.h */,
				07F4C6F52430667A002CF5CA /* d68k.c */,
				07F4C6FE2430667A002CF5CA /* d68k.h */,
				07F4C6F82430667A002CF5CA /* d68kconf.h */,
				07F4C6FA2430667A002CF5CA /* disk_d88.c */,
				07F4C70A2430667B002CF5CA /* disk_d88.h */,
				07F4C7122430667C002CF5CA /* disk_dim.c */,
				07F4C7092430667B002CF5CA /* disk_dim.h */,
				07F4C7202430667D002CF5CA /* disk_xdf.c */,
				07F4C7082430667B002CF5CA /* disk_xdf.h */,
				07F4C7032430667B002CF5CA /* dmac.c */,
				07F4C7132430667C002CF5CA /* dmac.h */,
				07F4C6EA24306679002CF5CA /* fdc.c */,
				07F4C6FD2430667A002CF5CA /* fdc.h */,
				07F4C7072430667B002CF5CA /* fdd.c */,
				07F4C7052430667B002CF5CA /* fdd.h */,
				07F4C7172430667C002CF5CA /* gvram.c */,
				07F4C6F22430667A002CF5CA /* gvram.h */,
				07F4C71F2430667D002CF5CA /* ioc.c */,
				07F4C7002430667B002CF5CA /* ioc.h */,
				07F4C6F32430667A002CF5CA /* irqh.c */,
				07F4C71A2430667C002CF5CA /* irqh.h */,
				07F4C7062430667B002CF5CA /* m68000.h */,
				07F4C6FB2430667A002CF5CA /* mem_wrap.c */,
				07F4C70B2430667B002CF5CA /* mfp.c */,
				07F4C6EC2430667A002CF5CA /* mfp.h */,
				07F4C6EE2430667A002CF5CA /* midi.c */,
				07F4C71D2430667D002CF5CA /* midi.h */,
				07F4C6FC2430667A002CF5CA /* palette.c */,
				07F4C6F42430667A002CF5CA /* palette.h */,
				535D07B72E686CB300CF5265 /* ppi_8255.h */,
				535D07AC2E685DF900CF5265 /* ppi.h */,
				535D07AF2E685E0300CF5265 /* ppi.c */,
				07F4C7042430667B002CF5CA /* pia.c */,
				07F4C71C2430667D002CF5CA /* pia.h */,
				07F4C71E2430667D002CF5CA /* rtc.c */,
				07F4C7142430667C002CF5CA /* rtc.h */,
				07F4C6ED2430667A002CF5CA /* sasi.c */,
				07F4C7192430667C002CF5CA /* sasi.h */,
				07F4C7102430667C002CF5CA /* scc.c */,
				07F4C6EF2430667A002CF5CA /* scc.h */,
				07F4C6F92430667A002CF5CA /* scsi.c */,
				07F4C6EB24306679002CF5CA /* scsi.h */,
				07F4C70E2430667B002CF5CA /* sram.c */,
				07F4C6FF2430667B002CF5CA /* sram.h */,
				07F4C70C2430667B002CF5CA /* sysport.c */,
				07F4C7112430667C002CF5CA /* sysport.h */,
				07F4C7012430667B002CF5CA /* tvram.c */,
				07F4C70F2430667C002CF5CA /* tvram.h */,
			);
			path = x68k;
			sourceTree = "<group>";
		};
		07F8648F242F97A700CBB224 /* x11 */ = {
			isa = PBXGroup;
			children = (
				07E6EF312430CCAE0034E485 /* CGROM_DAT.c */,
				07E6EF2E2430CC1B0034E485 /* IPLROM_DAT.c */,
				07F864A1242F97BC00CBB224 /* cdaspi.h */,
				07F8649A242F97BC00CBB224 /* cdctrl.h */,
				07F86495242F97BC00CBB224 /* cdrom.h */,
				07F864AF242F97BD00CBB224 /* cmdline.h */,
				07F864B0242F97BD00CBB224 /* common.c */,
				07F86490242F97BC00CBB224 /* common.h */,
				07F864A5242F97BD00CBB224 /* dswin.c */,
				07F864AB242F97BD00CBB224 /* dswin.h */,
				07F864AC242F97BD00CBB224 /* fileio.h */,
				07F86491242F97BC00CBB224 /* joystick.c */,
				07F86499242F97BC00CBB224 /* joystick.h */,
				07F864A3242F97BD00CBB224 /* keyboard.c */,
				07F8649D242F97BC00CBB224 /* keyboard.h */,
				07F864A6242F97BD00CBB224 /* keyconf.c */,
				07F8649C242F97BC00CBB224 /* keyconf.h */,
				07F864AD242F97BD00CBB224 /* keytbl.inc */,
				07F864B2242F97BE00CBB224 /* menu_str_sjis.txt */,
				07F864A9242F97BD00CBB224 /* mouse.c */,
				07F864B1242F97BE00CBB224 /* mouse.h */,
				07F864AA242F97BD00CBB224 /* prop.c */,
				07F864A2242F97BC00CBB224 /* prop.h */,
				07F864B4242F97BE00CBB224 /* status.c */,
				07F86497242F97BC00CBB224 /* status.h */,
				07F864B7242F97BE00CBB224 /* timer.c */,
				07F86498242F97BC00CBB224 /* timer.h */,
				07F864AE242F97BD00CBB224 /* version.h */,
				07F86494242F97BC00CBB224 /* windraw.c */,
				AC10FEED2508190000000005 /* scrbuf.c */,
				AC10FEED2508190000000006 /* scrbuf.h */,
				07F864A4242F97BD00CBB224 /* windraw.h */,
				07F8649B242F97BC00CBB224 /* winx68k.cpp */,
				07F86496242F97BC00CBB224 /* winx68k.h */,
			);
			path = x11;
			sourceTree = "<group>";
		};
		53C0A1072E50060000AAA001 /* Superimpose */ = {
			isa = PBXGroup;
			children = (
				53C0A1052E50050000AAA001 /* SuperimposeManager.swift */,
			);
			path = Superimpose;
			sourceTree = "<group>";
		};
/* End PBXGroup section */

/* Begin PBXNativeTarget section */
		07F863A9242F93EA00CBB224 /* X68000 iOS */ = {
			isa = PBXNativeTarget;
			buildConfigurationList = 07F863D0242F93EA00CBB224 /* Build configuration list for PBXNativeTarget "X68000 iOS" */;
			buildPhases = (
				07F863A6242F93EA00CBB224 /* Sources */,
				07F863A7242F93EA00CBB224 /* Frameworks */,
				07F863A8242F93EA00CBB224 /* Resources */,
			);
			buildRules = (
			);
			dependencies = (
				53685FBE2F2B8F1E00A86652 /* PBXTargetDependency */,
			);
			name = "X68000 iOS";
			productName = "X68000 iOS";
			productReference = 07F863AA242F93EA00CBB224 /* X68000 for iOS.app */;
			productType = "com.apple.product-type.application";
		};
		07F863BB242F93EA00CBB224 /* X68000 macOS */ = {
			isa = PBXNativeTarget;
			buildConfigurationList = 07F863D3242F93EA00CBB224 /* Build configuration list for PBXNativeTarget "X68000 macOS" */;
			buildPhases = (
				07F863B8242F93EA00CBB224 /* Sources */,
				07F863B9242F93EA00CBB224 /* Frameworks */,
				07F863BA242F93EA00CBB224 /* Resources */,
			);
			buildRules = (
			);
			dependencies = (
				53685FBC2F2B8F1E00A86652 /* PBXTargetDependency */,
			);
			name = "X68000 macOS";
			packageProductDependencies = (
				53A861202E4376CB0056E4DE /* Crypto */,
				53A861222E4376CB0056E4DE /* _CryptoExtras */,
			);
			productName = "X68000 macOS";
			productReference = 07F863BC242F93EA00CBB224 /* MPX68K.app */;
			productType = "com.apple.product-type.application";
		};
/* End PBXNativeTarget section */

/* Begin PBXProject section */
		07F8639D242F93E800CBB224 /* Project object */ = {
			isa = PBXProject;
			attributes = {
				BuildIndependentTargetsInParallel = YES;
				LastSwiftUpdateCheck = 1140;
				LastUpgradeCheck = 2700;
				ORGANIZATIONNAME = NANKIN;
				TargetAttributes = {
					07F863A9242F93EA00CBB224 = {
						CreatedOnToolsVersion = 11.4;
						LastSwiftMigration = 1140;
					};
					07F863BB242F93EA00CBB224 = {
						CreatedOnToolsVersion = 11.4;
						LastSwiftMigration = 1140;
					};
				};
			};
			buildConfigurationList = 07F863A0242F93E800CBB224 /* Build configuration list for PBXProject "X68000" */;
			developmentRegion = en;
			hasScannedForEncodings = 0;
			knownRegions = (
				en,
				Base,
			);
			mainGroup = 07F8639C242F93E800CBB224;
			packageReferences = (
				53A8611F2E4376CB0056E4DE /* XCRemoteSwiftPackageReference "swift-crypto" */,
			);
			preferredProjectObjectVersion = 90;
			productRefGroup = 07F863AB242F93EA00CBB224 /* Products */;
			projectDirPath = "";
			projectReferences = (
				{
					ProductGroup = 073F76FC24323762005B1F18 /* Products */;
					ProjectRef = 073F76FB24323762005B1F18 /* c68k.xcodeproj */;
				},
			);
			projectRoot = "";
			targets = (
				07F863A9242F93EA00CBB224 /* X68000 iOS */,
				07F863BB242F93EA00CBB224 /* X68000 macOS */,
			);
		};
/* End PBXProject section */

/* Begin PBXReferenceProxy section */
		073F770024323763005B1F18 /* libc68k.a */ = {
			isa = PBXReferenceProxy;
			fileType = archive.ar;
			path = libc68k.a;
			remoteRef = 073F76FF24323763005B1F18 /* PBXContainerItemProxy */;
			sourceTree = BUILT_PRODUCTS_DIR;
		};
		07E2E67B24324319007EFB06 /* libc68k_mac_DEBUG.a */ = {
			isa = PBXReferenceProxy;
			fileType = archive.ar;
			path = libc68k_mac_DEBUG.a;
			remoteRef = 07E2E67A24324319007EFB06 /* PBXContainerItemProxy */;
			sourceTree = BUILT_PRODUCTS_DIR;
		};
/* End PBXReferenceProxy section */

/* Begin PBXResourcesBuildPhase section */
		07F863A8242F93EA00CBB224 /* Resources */ = {
			isa = PBXResourcesBuildPhase;
			files = (
				0760DC282434F493004CA0CF /* FDD.png in Resources */,
				07F864D5242F97BE00CBB224 /* menu_str_sjis.txt in Resources */,
				0786964C243DBDF7007FCCEA /* jSubstrate.png in Resources */,
				0758DC59243EFCE60097E86C /* ConfigScene.sks in Resources */,
				07869646243DBDF7007FCCEA /* jStick@2x.png in Resources */,
				07869648243DBDF7007FCCEA /* jStick.png in Resources */,
				07F863B3242F93EA00CBB224 /* Main.storyboard in Resources */,
				0758DD5D24401BA20097E86C /* HDDIcon.png in Resources */,
				07F863CC242F93EA00CBB224 /* Assets.xcassets in Resources */,
				073F76E62431F438005B1F18 /* GameScene.sks in Resources */,
				0786964A243DBDF7007FCCEA /* jSubstrate@2x.png in Resources */,
				07F863C6242F93EA00CBB224 /* Actions.sks in Resources */,
				07F863B6242F93EA00CBB224 /* LaunchScreen.storyboard in Resources */,
			);
		};
		07F863BA242F93EA00CBB224 /* Resources */ = {
			isa = PBXResourcesBuildPhase;
			files = (
				0760DC282434F493004CA0CF /* FDD.png in Resources */,
				07F864D5242F97BE00CBB224 /* menu_str_sjis.txt in Resources */,
				0786964C243DBDF7007FCCEA /* jSubstrate.png in Resources */,
				0758DC59243EFCE60097E86C /* ConfigScene.sks in Resources */,
				07869646243DBDF7007FCCEA /* jStick@2x.png in Resources */,
				07869648243DBDF7007FCCEA /* jStick.png in Resources */,
				07F863C4242F93EA00CBB224 /* Main.storyboard in Resources */,
				0758DD5D24401BA20097E86C /* HDDIcon.png in Resources */,
				07F863CD242F93EA00CBB224 /* Assets.xcassets in Resources */,
				073F76E62431F438005B1F18 /* GameScene.sks in Resources */,
				0786964A243DBDF7007FCCEA /* jSubstrate@2x.png in Resources */,
				07F863C7242F93EA00CBB224 /* Actions.sks in Resources */,
			);
		};
/* End PBXResourcesBuildPhase section */

/* Begin PBXSourcesBuildPhase section */
		07F863A6242F93EA00CBB224 /* Sources */ = {
			isa = PBXSourcesBuildPhase;
			files = (
				07F4C7542430667D002CF5CA /* ioc.c in Sources */,
				07F86410242F94BB00CBB224 /* fake.c in Sources */,
				07F4C6C8243065F9002CF5CA /* m68000.c in Sources */,
				07F864B9242F97BE00CBB224 /* joystick.c in Sources */,
				07A528BD24389F5300AFD00D /* X68MouseController.swift in Sources */,
				07F863CA242F93EA00CBB224 /* GameScene.swift in Sources */,
				07F4C72A2430667D002CF5CA /* irqh.c in Sources */,
				07E6EF332430CCAE0034E485 /* CGROM_DAT.c in Sources */,
				07F4C7522430667D002CF5CA /* rtc.c in Sources */,
				53A8611A2E4375CA0056E4DE /* X68Logger.swift in Sources */,
				53A8611B2E4375CA0056E4DE /* X68ErrorHandling.swift in Sources */,
				53A8611C2E4375CA0056E4DE /* X68Security.swift in Sources */,
				07F4C7482430667D002CF5CA /* sram.c in Sources */,
				07869627243D9A91007FCCEA /* X68JoyCard.swift in Sources */,
				07F864CF242F97BE00CBB224 /* prop.c in Sources */,
				07F4C7322430667D002CF5CA /* scsi.c in Sources */,
				07F4C73E2430667D002CF5CA /* pia.c in Sources */,
				07F4C7502430667D002CF5CA /* gvram.c in Sources */,
				07F4C7282430667D002CF5CA /* crtc.c in Sources */,
				AC10FEED2508190000000001 /* crtc_timing.c in Sources */,
				07869626243D9A8E007FCCEA /* X68Device.swift in Sources */,
				07F4C7242430667D002CF5CA /* sasi.c in Sources */,
				0758DC5F243EFD830097E86C /* ConfigScene.swift in Sources */,
				07F4C7222430667D002CF5CA /* fdc.c in Sources */,
				07F4C6DD2430664B002CF5CA /* fmg_wrap.cpp in Sources */,
				07F864CD242F97BE00CBB224 /* mouse.c in Sources */,
				07F4C73C2430667D002CF5CA /* dmac.c in Sources */,
				07F4C7342430667D002CF5CA /* disk_d88.c in Sources */,
				07F4C6E12430664B002CF5CA /* opm.cpp in Sources */,
				0764421B243328C3006E5208 /* FileSystem.swift in Sources */,
				07F4C7262430667D002CF5CA /* midi.c in Sources */,
				07F4C7422430667D002CF5CA /* mfp.c in Sources */,
				07F863AE242F93EA00CBB224 /* AppDelegate.swift in Sources */,
				07F863B0242F93EA00CBB224 /* GameViewController.swift in Sources */,
				07F4C7592430A73C002CF5CA /* AudioStream.swift in Sources */,
				07F4C7462430667D002CF5CA /* bg.c in Sources */,
				07F4C7442430667D002CF5CA /* sysport.c in Sources */,
				07F4C6E72430664B002CF5CA /* fmgen.cpp in Sources */,
				07F4C72C2430667D002CF5CA /* d68k.c in Sources */,
				07F864DB242F97BE00CBB224 /* timer.c in Sources */,
				07F864C5242F97BE00CBB224 /* dswin.c in Sources */,
				07F4C7362430667D002CF5CA /* mem_wrap.c in Sources */,
				07F864D9242F97BE00CBB224 /* status.c in Sources */,
				07F4C74C2430667D002CF5CA /* disk_dim.c in Sources */,
				0786963E243DBB73007FCCEA /* TAAnalogJoyStick.swift in Sources */,
				07F4C7402430667D002CF5CA /* fdd.c in Sources */,
				535D07B02E685E0300CF5265 /* ppi.c in Sources */,
				07B71D7D243A350500953E25 /* MIDIController.swift in Sources */,
				07F8640E242F94BB00CBB224 /* peace.c in Sources */,
				07F4C74A2430667D002CF5CA /* scc.c in Sources */,
				0760DC2B24350DDC004CA0CF /* BenchMark.swift in Sources */,
				07F8640C242F94BB00CBB224 /* dosio.c in Sources */,
				07F4C73A2430667D002CF5CA /* tvram.c in Sources */,
				0771C5A22431B129002D40F0 /* JoyController.swift in Sources */,
				07F4C6DF2430664B002CF5CA /* fmtimer.cpp in Sources */,
				07F4C7562430667D002CF5CA /* disk_xdf.c in Sources */,
				07F864BD242F97BE00CBB224 /* windraw.c in Sources */,
				AC10FEED2508190000000004 /* scrbuf.c in Sources */,
				07F864D3242F97BE00CBB224 /* common.c in Sources */,
				07F4C72E2430667D002CF5CA /* adpcm.c in Sources */,
				07F4C7382430667D002CF5CA /* palette.c in Sources */,
				07F864C3242F97BE00CBB224 /* keyboard.c in Sources */,
				07F864BF242F97BE00CBB224 /* winx68k.cpp in Sources */,
				07E6EF302430CC1B0034E485 /* IPLROM_DAT.c in Sources */,
				53C0A1002E50000000AAA001 /* CRT/CRTSettings.swift in Sources */,
				53C0A1022E50000000AAA001 /* CRT/CRTFilterManager.swift in Sources */,
				53C0A1062E50050000AAA001 /* SuperimposeManager.swift in Sources */,
				53C0A1042E50010000AAA001 /* CRT/CRTOverlay.swift in Sources */,
			);
		};
		07F863B8242F93EA00CBB224 /* Sources */ = {
			isa = PBXSourcesBuildPhase;
			files = (
				535D07B42E685E2900CF5265 /* GameViewController.swift in Sources */,
				07F4C7542430667D002CF5CA /* ioc.c in Sources */,
				07F86410242F94BB00CBB224 /* fake.c in Sources */,
				07F4C6C8243065F9002CF5CA /* m68000.c in Sources */,
				07F864B9242F97BE00CBB224 /* joystick.c in Sources */,
				07A528BD24389F5300AFD00D /* X68MouseController.swift in Sources */,
				07F863CB242F93EA00CBB224 /* GameScene.swift in Sources */,
				07F4C72A2430667D002CF5CA /* irqh.c in Sources */,
				07E6EF332430CCAE0034E485 /* CGROM_DAT.c in Sources */,
				07F4C7522430667D002CF5CA /* rtc.c in Sources */,
				53A8611A2E4375CA0056E4DE /* X68Logger.swift in Sources */,
				53A8611B2E4375CA0056E4DE /* X68ErrorHandling.swift in Sources */,
				53A8611C2E4375CA0056E4DE /* X68Security.swift in Sources */,
				07F4C7482430667D002CF5CA /* sram.c in Sources */,
				07869627243D9A91007FCCEA /* X68JoyCard.swift in Sources */,
				07F864CF242F97BE00CBB224 /* prop.c in Sources */,
				07F4C7322430667D002CF5CA /* scsi.c in Sources */,
				07F4C73E2430667D002CF5CA /* pia.c in Sources */,
				07F4C7502430667D002CF5CA /* gvram.c in Sources */,
				07F4C7282430667D002CF5CA /* crtc.c in Sources */,
				AC10FEED2508190000000001 /* crtc_timing.c in Sources */,
				07869626243D9A8E007FCCEA /* X68Device.swift in Sources */,
				07F4C7242430667D002CF5CA /* sasi.c in Sources */,
				0758DC5F243EFD830097E86C /* ConfigScene.swift in Sources */,
				07F4C7222430667D002CF5CA /* fdc.c in Sources */,
				07F4C6DD2430664B002CF5CA /* fmg_wrap.cpp in Sources */,
				07F864CD242F97BE00CBB224 /* mouse.c in Sources */,
				07F4C73C2430667D002CF5CA /* dmac.c in Sources */,
				07F4C7342430667D002CF5CA /* disk_d88.c in Sources */,
				07F4C6E12430664B002CF5CA /* opm.cpp in Sources */,
				0764421B243328C3006E5208 /* FileSystem.swift in Sources */,
				07F4C7262430667D002CF5CA /* midi.c in Sources */,
				07F4C7422430667D002CF5CA /* mfp.c in Sources */,
				535D07B22E685E1D00CF5265 /* AppDelegate.swift in Sources */,
				AA000001300000000000AA01 /* MonitorView.swift in Sources */,
				AA000003300000000000AA01 /* MonitorWindowController.swift in Sources */,
				07F4C7592430A73C002CF5CA /* AudioStream.swift in Sources */,
				07F4C7462430667D002CF5CA /* bg.c in Sources */,
				07F4C7442430667D002CF5CA /* sysport.c in Sources */,
				07F4C6E72430664B002CF5CA /* fmgen.cpp in Sources */,
				07F4C72C2430667D002CF5CA /* d68k.c in Sources */,
				07F864DB242F97BE00CBB224 /* timer.c in Sources */,
				07F864C5242F97BE00CBB224 /* dswin.c in Sources */,
				07F4C7362430667D002CF5CA /* mem_wrap.c in Sources */,
				07F864D9242F97BE00CBB224 /* status.c in Sources */,
				07F4C74C2430667D002CF5CA /* disk_dim.c in Sources */,
				0786963E243DBB73007FCCEA /* TAAnalogJoyStick.swift in Sources */,
				07F4C7402430667D002CF5CA /* fdd.c in Sources */,
				535D07B02E685E0300CF5265 /* ppi.c in Sources */,
				07B71D7D243A350500953E25 /* MIDIController.swift in Sources */,
				07F8640E242F94BB00CBB224 /* peace.c in Sources */,
				07F4C74A2430667D002CF5CA /* scc.c in Sources */,
				0760DC2B24350DDC004CA0CF /* BenchMark.swift in Sources */,
				07F8640C242F94BB00CBB224 /* dosio.c in Sources */,
				07F4C73A2430667D002CF5CA /* tvram.c in Sources */,
				0771C5A22431B129002D40F0 /* JoyController.swift in Sources */,
				07F4C6DF2430664B002CF5CA /* fmtimer.cpp in Sources */,
				07F4C7562430667D002CF5CA /* disk_xdf.c in Sources */,
				07F864BD242F97BE00CBB224 /* windraw.c in Sources */,
				AC10FEED2508190000000004 /* scrbuf.c in Sources */,
				07F864D3242F97BE00CBB224 /* common.c in Sources */,
				07F4C72E2430667D002CF5CA /* adpcm.c in Sources */,
				07F4C7382430667D002CF5CA /* palette.c in Sources */,
				07F864C3242F97BE00CBB224 /* keyboard.c in Sources */,
				07F864BF242F97BE00CBB224 /* winx68k.cpp in Sources */,
				07E6EF302430CC1B0034E485 /* IPLROM_DAT.c in Sources */,
				53C0A1002E50000000AAA001 /* CRT/CRTSettings.swift in Sources */,
				53C0A1022E50000000AAA001 /* CRT/CRTFilterManager.swift in Sources */,
				53C0A1062E50050000AAA001 /* SuperimposeManager.swift in Sources */,
				53C0A1042E50010000AAA001 /* CRT/CRTOverlay.swift in Sources */,
			);
		};
/* End PBXSourcesBuildPhase section */

/* Begin PBXTargetDependency section */
		53685FBE2F2B8F1E00A86652 /* PBXTargetDependency */ = {
			isa = PBXTargetDependency;
			name = c68k;
			targetProxy = 53685FBD2F2B8F1E00A86652 /* PBXContainerItemProxy */;
		};
		53685FBC2F2B8F1E00A86652 /* PBXTargetDependency */ = {
			isa = PBXTargetDependency;
			name = c68k_mac;
			targetProxy = 53685FBB2F2B8F1E00A86652 /* PBXContainerItemProxy */;
		};
/* End PBXTargetDependency section */

/* Begin PBXVariantGroup section */
		07F863B1242F93EA00CBB224 /* Main.storyboard */ = {
			isa = PBXVariantGroup;
			children = (
				07F863B2242F93EA00CBB224 /* Base */,
			);
			name = Main.storyboard;
			sourceTree = "<group>";
		};
		07F863B4242F93EA00CBB224 /* LaunchScreen.storyboard */ = {
			isa = PBXVariantGroup;
			children = (
				07F863B5242F93EA00CBB224 /* Base */,
			);
			name = LaunchScreen.storyboard;
			sourceTree = "<group>";
		};
		07F863C2242F93EA00CBB224 /* Main.storyboard */ = {
			isa = PBXVariantGroup;
			children = (
				07F863C3242F93EA00CBB224 /* Base */,
			);
			name = Main.storyboard;
			sourceTree = "<group>";
		};
/* End PBXVariantGroup section */

/* Begin XCBuildConfiguration section */
		07F863CE242F93EA00CBB224 /* Debug configuration for PBXProject "X68000" */ = {
			isa = XCBuildConfiguration;
			buildSettings = {
				ALWAYS_SEARCH_USER_PATHS = NO;
				ASSETCATALOG_COMPILER_GENERATE_SWIFT_ASSET_SYMBOL_EXTENSIONS = YES;
				CLANG_ANALYZER_NONNULL = YES;
				CLANG_ANALYZER_NUMBER_OBJECT_CONVERSION = YES_AGGRESSIVE;
				CLANG_CXX_LANGUAGE_STANDARD = "gnu++14";
				CLANG_CXX_LIBRARY = "libc++";
				CLANG_ENABLE_MODULES = YES;
				CLANG_ENABLE_OBJC_ARC = YES;
				CLANG_ENABLE_OBJC_WEAK = YES;
				CLANG_WARN_BLOCK_CAPTURE_AUTORELEASING = YES;
				CLANG_WARN_BOOL_CONVERSION = YES;
				CLANG_WARN_COMMA = YES;
				CLANG_WARN_CONSTANT_CONVERSION = YES;
				CLANG_WARN_DEPRECATED_OBJC_IMPLEMENTATIONS = YES;
				CLANG_WARN_DIRECT_OBJC_ISA_USAGE = YES_ERROR;
				CLANG_WARN_DOCUMENTATION_COMMENTS = YES;
				CLANG_WARN_EMPTY_BODY = YES;
				CLANG_WARN_ENUM_CONVERSION = YES;
				CLANG_WARN_INFINITE_RECURSION = YES;
				CLANG_WARN_INT_CONVERSION = YES;
				CLANG_WARN_NON_LITERAL_NULL_CONVERSION = YES;
				CLANG_WARN_OBJC_IMPLICIT_RETAIN_SELF = YES;
				CLANG_WARN_OBJC_LITERAL_CONVERSION = YES;
				CLANG_WARN_OBJC_ROOT_CLASS = YES_ERROR;
				CLANG_WARN_QUOTED_INCLUDE_IN_FRAMEWORK_HEADER = YES;
				CLANG_WARN_RANGE_LOOP_ANALYSIS = YES;
				CLANG_WARN_STRICT_PROTOTYPES = YES;
				CLANG_WARN_SUSPICIOUS_MOVE = YES;
				CLANG_WARN_UNGUARDED_AVAILABILITY = YES_AGGRESSIVE;
				CLANG_WARN_UNREACHABLE_CODE = YES;
				CLANG_WARN__DUPLICATE_METHOD_MATCH = YES;
				COPY_PHASE_STRIP = NO;
				DEAD_CODE_STRIPPING = YES;
				DEBUG_INFORMATION_FORMAT = dwarf;
				DEVELOPMENT_TEAM = DQR9HH7KUY;
				ENABLE_STRICT_OBJC_MSGSEND = YES;
				ENABLE_TESTABILITY = YES;
				ENABLE_USER_SCRIPT_SANDBOXING = YES;
				"EXCLUDED_ARCHS[sdk=macosx*]" = "";
				GCC_C_LANGUAGE_STANDARD = gnu11;
				GCC_DYNAMIC_NO_PIC = NO;
				GCC_NO_COMMON_BLOCKS = YES;
				GCC_OPTIMIZATION_LEVEL = 0;
				GCC_PREPROCESSOR_DEFINITIONS = (
					"DEBUG=1",
					"$(inherited)",
				);
				GCC_WARN_64_TO_32_BIT_CONVERSION = YES;
				GCC_WARN_ABOUT_RETURN_TYPE = YES_ERROR;
				GCC_WARN_UNDECLARED_SELECTOR = YES;
				GCC_WARN_UNINITIALIZED_AUTOS = YES_AGGRESSIVE;
				GCC_WARN_UNUSED_FUNCTION = YES;
				GCC_WARN_UNUSED_VARIABLE = NO;
				MTL_ENABLE_DEBUG_INFO = INCLUDE_SOURCE;
				MTL_FAST_MATH = YES;
				ONLY_ACTIVE_ARCH = YES;
				STRING_CATALOG_GENERATE_SYMBOLS = YES;
				SWIFT_ACTIVE_COMPILATION_CONDITIONS = DEBUG;
				SWIFT_OPTIMIZATION_LEVEL = "-Onone";
			};
			name = Debug;
		};
		07F863CF242F93EA00CBB224 /* Release configuration for PBXProject "X68000" */ = {
			isa = XCBuildConfiguration;
			buildSettings = {
				ALWAYS_SEARCH_USER_PATHS = NO;
				ASSETCATALOG_COMPILER_GENERATE_SWIFT_ASSET_SYMBOL_EXTENSIONS = YES;
				CLANG_ANALYZER_NONNULL = YES;
				CLANG_ANALYZER_NUMBER_OBJECT_CONVERSION = YES_AGGRESSIVE;
				CLANG_CXX_LANGUAGE_STANDARD = "gnu++14";
				CLANG_CXX_LIBRARY = "libc++";
				CLANG_ENABLE_MODULES = YES;
				CLANG_ENABLE_OBJC_ARC = YES;
				CLANG_ENABLE_OBJC_WEAK = YES;
				CLANG_WARN_BLOCK_CAPTURE_AUTORELEASING = YES;
				CLANG_WARN_BOOL_CONVERSION = YES;
				CLANG_WARN_COMMA = YES;
				CLANG_WARN_CONSTANT_CONVERSION = YES;
				CLANG_WARN_DEPRECATED_OBJC_IMPLEMENTATIONS = YES;
				CLANG_WARN_DIRECT_OBJC_ISA_USAGE = YES_ERROR;
				CLANG_WARN_DOCUMENTATION_COMMENTS = YES;
				CLANG_WARN_EMPTY_BODY = YES;
				CLANG_WARN_ENUM_CONVERSION = YES;
				CLANG_WARN_INFINITE_RECURSION = YES;
				CLANG_WARN_INT_CONVERSION = YES;
				CLANG_WARN_NON_LITERAL_NULL_CONVERSION = YES;
				CLANG_WARN_OBJC_IMPLICIT_RETAIN_SELF = YES;
				CLANG_WARN_OBJC_LITERAL_CONVERSION = YES;
				CLANG_WARN_OBJC_ROOT_CLASS = YES_ERROR;
				CLANG_WARN_QUOTED_INCLUDE_IN_FRAMEWORK_HEADER = YES;
				CLANG_WARN_RANGE_LOOP_ANALYSIS = YES;
				CLANG_WARN_STRICT_PROTOTYPES = YES;
				CLANG_WARN_SUSPICIOUS_MOVE = YES;
				CLANG_WARN_UNGUARDED_AVAILABILITY = YES_AGGRESSIVE;
				CLANG_WARN_UNREACHABLE_CODE = YES;
				CLANG_WARN__DUPLICATE_METHOD_MATCH = YES;
				COPY_PHASE_STRIP = NO;
				DEAD_CODE_STRIPPING = YES;
				DEBUG_INFORMATION_FORMAT = "dwarf-with-dsym";
				DEVELOPMENT_TEAM = DQR9HH7KUY;
				ENABLE_NS_ASSERTIONS = NO;
				ENABLE_STRICT_OBJC_MSGSEND = YES;
				ENABLE_USER_SCRIPT_SANDBOXING = YES;
				"EXCLUDED_ARCHS[sdk=macosx*]" = "";
				GCC_C_LANGUAGE_STANDARD = gnu11;
				GCC_NO_COMMON_BLOCKS = YES;
				GCC_WARN_64_TO_32_BIT_CONVERSION = YES;
				GCC_WARN_ABOUT_RETURN_TYPE = YES_ERROR;
				GCC_WARN_UNDECLARED_SELECTOR = YES;
				GCC_WARN_UNINITIALIZED_AUTOS = YES_AGGRESSIVE;
				GCC_WARN_UNUSED_FUNCTION = YES;
				GCC_WARN_UNUSED_VARIABLE = NO;
				MTL_ENABLE_DEBUG_INFO = NO;
				MTL_FAST_MATH = YES;
				STRING_CATALOG_GENERATE_SYMBOLS = YES;
				SUPPORTED_PLATFORMS = macosx;
				SWIFT_COMPILATION_MODE = wholemodule;
				SWIFT_OPTIMIZATION_LEVEL = "-O";
			};
			name = Release;
		};
		07F863D1242F93EA00CBB224 /* Debug configuration for PBXNativeTarget "X68000 iOS" */ = {
			isa = XCBuildConfiguration;
			buildSettings = {
				ASSETCATALOG_COMPILER_APPICON_NAME = AppIcon;
				CLANG_ENABLE_MODULES = YES;
				CODE_SIGN_ENTITLEMENTS = "X68000 iOS/X68000 for iOSDebug.entitlements";
				CODE_SIGN_IDENTITY = "Apple Development";
				CODE_SIGN_STYLE = Automatic;
				CURRENT_PROJECT_VERSION = 937;
				DEVELOPMENT_TEAM = P5G28RMWUN;
				GCC_PREPROCESSOR_DEFINITIONS = (
					"DEBUG=1",
					"$(inherited)",
					HAVE_C68K,
					C68K_NO_JUMP_TABLE,
					TARGET_IOS,
				);
				GCC_WARN_UNUSED_VALUE = NO;
				GCC_WARN_UNUSED_VARIABLE = NO;
				HEADER_SEARCH_PATHS = "";
				INFOPLIST_FILE = "X68000 iOS/Info.plist";
				INFOPLIST_KEY_LSApplicationCategoryType = "public.app-category.games";
				IPHONEOS_DEPLOYMENT_TARGET = 15.0;
				LD_RUNPATH_SEARCH_PATHS = (
					"$(inherited)",
					"@executable_path/Frameworks",
				);
				LIBRARY_SEARCH_PATHS = (
					"$(inherited)",
					"$(BUILT_PRODUCTS_DIR)",
				);
				MARKETING_VERSION = 4.3;
				OTHER_LDFLAGS = "-lc68k";
				PRODUCT_BUNDLE_IDENTIFIER = NANKIN.X68000;
				PRODUCT_MODULE_NAME = X68000;
				PRODUCT_NAME = "X68000 for iOS";
				SDKROOT = iphoneos;
				SUPPORTED_PLATFORMS = "iphoneos iphonesimulator";
				SUPPORTS_MACCATALYST = NO;
				SWIFT_OBJC_BRIDGING_HEADER = "X68000 Shared/px68k/fmgen/X68000 iOS-Bridging-Header.h";
				SWIFT_OPTIMIZATION_LEVEL = "-Onone";
				SWIFT_VERSION = 5.0;
				TARGETED_DEVICE_FAMILY = "1,2";
				VERSIONING_SYSTEM = "apple-generic";
			};
			name = Debug;
		};
		07F863D2242F93EA00CBB224 /* Release configuration for PBXNativeTarget "X68000 iOS" */ = {
			isa = XCBuildConfiguration;
			buildSettings = {
				ASSETCATALOG_COMPILER_APPICON_NAME = AppIcon;
				CLANG_ENABLE_MODULES = YES;
				CODE_SIGN_ENTITLEMENTS = "X68000 iOS/X68000 for iOS.entitlements";
				CODE_SIGN_IDENTITY = "Apple Development";
				CODE_SIGN_STYLE = Automatic;
				CURRENT_PROJECT_VERSION = 937;
				DEVELOPMENT_TEAM = P5G28RMWUN;
				GCC_PREPROCESSOR_DEFINITIONS = (
					HAVE_C68K,
					C68K_NO_JUMP_TABLE,
					TARGET_IOS,
				);
				GCC_WARN_UNUSED_VALUE = NO;
				GCC_WARN_UNUSED_VARIABLE = NO;
				HEADER_SEARCH_PATHS = "";
				INFOPLIST_FILE = "X68000 iOS/Info.plist";
				INFOPLIST_KEY_LSApplicationCategoryType = "public.app-category.games";
				IPHONEOS_DEPLOYMENT_TARGET = 15.0;
				LD_RUNPATH_SEARCH_PATHS = (
					"$(inherited)",
					"@executable_path/Frameworks",
				);
				LIBRARY_SEARCH_PATHS = (
					"$(inherited)",
					"$(BUILT_PRODUCTS_DIR)",
				);
				MARKETING_VERSION = 4.3;
				OTHER_LDFLAGS = "-lc68k";
				PRODUCT_BUNDLE_IDENTIFIER = NANKIN.X68000;
				PRODUCT_MODULE_NAME = X68000;
				PRODUCT_NAME = "X68000 for iOS";
				SDKROOT = iphoneos;
				SUPPORTED_PLATFORMS = "iphoneos iphonesimulator";
				SUPPORTS_MACCATALYST = NO;
				SWIFT_OBJC_BRIDGING_HEADER = "X68000 Shared/px68k/fmgen/X68000 iOS-Bridging-Header.h";
				SWIFT_VERSION = 5.0;
				TARGETED_DEVICE_FAMILY = "1,2";
				VALIDATE_PRODUCT = YES;
				VERSIONING_SYSTEM = "apple-generic";
			};
			name = Release;
		};
		07F863D4242F93EA00CBB224 /* Debug configuration for PBXNativeTarget "X68000 macOS" */ = {
			isa = XCBuildConfiguration;
			buildSettings = {
				ASSETCATALOG_COMPILER_APPICON_NAME = AppIcon;
				CLANG_ENABLE_MODULES = YES;
				CLANG_WARN_UNREACHABLE_CODE = NO;
				CODE_SIGN_ENTITLEMENTS = "X68000 macOS/X68000Debug.entitlements";
				CODE_SIGN_IDENTITY = "Apple Development";
				CODE_SIGN_STYLE = Automatic;
				COMBINE_HIDPI_IMAGES = YES;
				CURRENT_PROJECT_VERSION = 937;
				DEAD_CODE_STRIPPING = YES;
				DEVELOPMENT_TEAM = P5G28RMWUN;
				ENABLE_APP_SANDBOX = YES;
				ENABLE_FILE_ACCESS_DOWNLOADS_FOLDER = readwrite;
				ENABLE_HARDENED_RUNTIME = YES;
				ENABLE_INCOMING_NETWORK_CONNECTIONS = YES;
				ENABLE_OUTGOING_NETWORK_CONNECTIONS = YES;
				ENABLE_USER_SELECTED_FILES = readwrite;
				GCC_PREPROCESSOR_DEFINITIONS = (
					"DEBUG=1",
					"$(inherited)",
					HAVE_C68K,
					C68K_NO_JUMP_TABLE,
					TARGET_MACOS,
				);
				GCC_WARN_UNUSED_VALUE = NO;
				GCC_WARN_UNUSED_VARIABLE = NO;
				HEADER_SEARCH_PATHS = "";
				INFOPLIST_FILE = "X68000 macOS/Info.plist";
				INFOPLIST_KEY_LSApplicationCategoryType = "public.app-category.utilities";
				LD_RUNPATH_SEARCH_PATHS = (
					"$(inherited)",
					"@executable_path/../Frameworks",
				);
				LIBRARY_SEARCH_PATHS = (
					"$(inherited)",
					"$(PROJECT_DIR)/c68k/build/Debug",
					"$(BUILT_PRODUCTS_DIR)",
					"$(BUILD_DIR)/Debug",
				);
				MACOSX_DEPLOYMENT_TARGET = "$(RECOMMENDED_MACOSX_DEPLOYMENT_TARGET)";
				MARKETING_VERSION = 4.3;
				OTHER_CFLAGS = "";
				OTHER_LDFLAGS = "-lc68k_mac_DEBUG";
				PRODUCT_BUNDLE_IDENTIFIER = NANKIN.X68000;
				PRODUCT_MODULE_NAME = X68000;
				PRODUCT_NAME = MPX68K;
				SDKROOT = macosx;
				SWIFT_OBJC_BRIDGING_HEADER = "X68000 Shared/px68k/fmgen/X68000 macOS-Bridging-Header.h";
				SWIFT_OPTIMIZATION_LEVEL = "-Onone";
				SWIFT_VERSION = 5.0;
				VERSIONING_SYSTEM = "apple-generic";
			};
			name = Debug;
		};
		07F863D5242F93EA00CBB224 /* Release configuration for PBXNativeTarget "X68000 macOS" */ = {
			isa = XCBuildConfiguration;
			buildSettings = {
				ASSETCATALOG_COMPILER_APPICON_NAME = AppIcon;
				CLANG_ENABLE_MODULES = YES;
				CLANG_WARN_UNREACHABLE_CODE = NO;
				CODE_SIGN_ENTITLEMENTS = "X68000 macOS/X68000.entitlements";
				CODE_SIGN_IDENTITY = "Apple Development";
				CODE_SIGN_STYLE = Automatic;
				COMBINE_HIDPI_IMAGES = YES;
				CURRENT_PROJECT_VERSION = 937;
				DEAD_CODE_STRIPPING = YES;
				DEVELOPMENT_TEAM = P5G28RMWUN;
				ENABLE_APP_SANDBOX = YES;
				ENABLE_FILE_ACCESS_DOWNLOADS_FOLDER = readwrite;
				ENABLE_HARDENED_RUNTIME = YES;
				ENABLE_INCOMING_NETWORK_CONNECTIONS = YES;
				ENABLE_OUTGOING_NETWORK_CONNECTIONS = YES;
				ENABLE_USER_SELECTED_FILES = readwrite;
				GCC_PREPROCESSOR_DEFINITIONS = (
					HAVE_C68K,
					C68K_NO_JUMP_TABLE,
					TARGET_MACOS,
				);
				GCC_WARN_UNUSED_VALUE = NO;
				GCC_WARN_UNUSED_VARIABLE = NO;
				HEADER_SEARCH_PATHS = "";
				INFOPLIST_FILE = "X68000 macOS/Info.plist";
				INFOPLIST_KEY_LSApplicationCategoryType = "public.app-category.utilities";
				LD_RUNPATH_SEARCH_PATHS = (
					"$(inherited)",
					"@executable_path/../Frameworks",
				);
				LIBRARY_SEARCH_PATHS = (
					"$(inherited)",
					"$(PROJECT_DIR)/c68k/build/Release",
					"$(BUILT_PRODUCTS_DIR)",
					"$(BUILD_DIR)/Release",
				);
				MACOSX_DEPLOYMENT_TARGET = "$(RECOMMENDED_MACOSX_DEPLOYMENT_TARGET)";
				MARKETING_VERSION = 4.3;
				OTHER_CFLAGS = "";
				OTHER_LDFLAGS = "-lc68k_mac";
				PRODUCT_BUNDLE_IDENTIFIER = NANKIN.X68000;
				PRODUCT_MODULE_NAME = X68000;
				PRODUCT_NAME = MPX68K;
				PROVISIONING_PROFILE_SPECIFIER = "";
				SDKROOT = macosx;
				SWIFT_OBJC_BRIDGING_HEADER = "X68000 Shared/px68k/fmgen/X68000 macOS-Bridging-Header.h";
				SWIFT_VERSION = 5.0;
				VERSIONING_SYSTEM = "apple-generic";
			};
			name = Release;
		};
/* End XCBuildConfiguration section */

/* Begin XCConfigurationList section */
		07F863A0242F93E800CBB224 /* Build configuration list for PBXProject "X68000" */ = {
			isa = XCConfigurationList;
			buildConfigurations = (
				07F863CE242F93EA00CBB224 /* Debug configuration for PBXProject "X68000" */,
				07F863CF242F93EA00CBB224 /* Release configuration for PBXProject "X68000" */,
			);
			defaultConfigurationName = Debug;
		};
		07F863D0242F93EA00CBB224 /* Build configuration list for PBXNativeTarget "X68000 iOS" */ = {
			isa = XCConfigurationList;
			buildConfigurations = (
				07F863D1242F93EA00CBB224 /* Debug configuration for PBXNativeTarget "X68000 iOS" */,
				07F863D2242F93EA00CBB224 /* Release configuration for PBXNativeTarget "X68000 iOS" */,
			);
			defaultConfigurationName = Debug;
		};
		07F863D3242F93EA00CBB224 /* Build configuration list for PBXNativeTarget "X68000 macOS" */ = {
			isa = XCConfigurationList;
			buildConfigurations = (
				07F863D4242F93EA00CBB224 /* Debug configuration for PBXNativeTarget "X68000 macOS" */,
				07F863D5242F93EA00CBB224 /* Release configuration for PBXNativeTarget "X68000 macOS" */,
			);
			defaultConfigurationName = Debug;
		};
/* End XCConfigurationList section */

/* Begin XCRemoteSwiftPackageReference section */
		53A8611F2E4376CB0056E4DE /* XCRemoteSwiftPackageReference "swift-crypto" */ = {
			isa = XCRemoteSwiftPackageReference;
			repositoryURL = "https://github.com/apple/swift-crypto.git";
			requirement = {
				kind = upToNextMajorVersion;
				minimumVersion = 3.14.0;
			};
		};
/* End XCRemoteSwiftPackageReference section */

/* Begin XCSwiftPackageProductDependency section */
		53A861202E4376CB0056E4DE /* Crypto */ = {
			isa = XCSwiftPackageProductDependency;
			package = 53A8611F2E4376CB0056E4DE /* XCRemoteSwiftPackageReference "swift-crypto" */;
			productName = Crypto;
		};
		53A861222E4376CB0056E4DE /* _CryptoExtras */ = {
			isa = XCSwiftPackageProductDependency;
			package = 53A8611F2E4376CB0056E4DE /* XCRemoteSwiftPackageReference "swift-crypto" */;
			productName = _CryptoExtras;
		};
/* End XCSwiftPackageProductDependency section */
	};
	rootObject = 07F8639D242F93E800CBB224 /* Project object */;
}
